// !$*UTF8*$!
{
	archiveVersion = 1;
	classes = {};
	objectVersion = 56;
	objects = {
		6EE034331F904C96AD745850 /* AppState.swift */ = {isa = PBXFileReference; lastKnownFileType = sourcecode.swift; name = AppState.swift; path = HomeHub/App/AppState.swift; sourceTree = SOURCE_ROOT; };
		B8E1B1BB76314C74A2CD59AB /* HomeHubApp.swift */ = {isa = PBXFileReference; lastKnownFileType = sourcecode.swift; name = HomeHubApp.swift; path = HomeHub/HomeHubApp.swift; sourceTree = SOURCE_ROOT; };
		2833A82BA65E4384991EFA0E /* Account.swift */ = {isa = PBXFileReference; lastKnownFileType = sourcecode.swift; name = Account.swift; path = HomeHub/Models/Account.swift; sourceTree = SOURCE_ROOT; };
		9DE043214507440C9119202B /* Calendar.swift */ = {isa = PBXFileReference; lastKnownFileType = sourcecode.swift; name = Calendar.swift; path = HomeHub/Models/Calendar.swift; sourceTree = SOURCE_ROOT; };
		9BBC13FC27CE46BAA56BB14C /* Chore.swift */ = {isa = PBXFileReference; lastKnownFileType = sourcecode.swift; name = Chore.swift; path = HomeHub/Models/Chore.swift; sourceTree = SOURCE_ROOT; };
		56D3A818DBD945A388D1B5DE /* Dashboard.swift */ = {isa = PBXFileReference; lastKnownFileType = sourcecode.swift; name = Dashboard.swift; path = HomeHub/Models/Dashboard.swift; sourceTree = SOURCE_ROOT; };
		34FBC24604F642BD85F95818 /* Enums.swift */ = {isa = PBXFileReference; lastKnownFileType = sourcecode.swift; name = Enums.swift; path = HomeHub/Models/Enums.swift; sourceTree = SOURCE_ROOT; };
		23D9716A3EE94CFC97D2DAAD /* Household.swift */ = {isa = PBXFileReference; lastKnownFileType = sourcecode.swift; name = Household.swift; path = HomeHub/Models/Household.swift; sourceTree = SOURCE_ROOT; };
		EB9C0E01FE824491983AE584 /* Meal.swift */ = {isa = PBXFileReference; lastKnownFileType = sourcecode.swift; name = Meal.swift; path = HomeHub/Models/Meal.swift; sourceTree = SOURCE_ROOT; };
		AFD17D4E80AB4E29AB865671 /* NapLog.swift */ = {isa = PBXFileReference; lastKnownFileType = sourcecode.swift; name = NapLog.swift; path = HomeHub/Models/NapLog.swift; sourceTree = SOURCE_ROOT; };
		9A6BBA53D98949D8BC90559E /* Profile.swift */ = {isa = PBXFileReference; lastKnownFileType = sourcecode.swift; name = Profile.swift; path = HomeHub/Models/Profile.swift; sourceTree = SOURCE_ROOT; };
		248EB5A45AE94A20AE76DBA5 /* Recipe.swift */ = {isa = PBXFileReference; lastKnownFileType = sourcecode.swift; name = Recipe.swift; path = HomeHub/Models/Recipe.swift; sourceTree = SOURCE_ROOT; };
		FC68DA3AEA61479B943FA5B2 /* Routine.swift */ = {isa = PBXFileReference; lastKnownFileType = sourcecode.swift; name = Routine.swift; path = HomeHub/Models/Routine.swift; sourceTree = SOURCE_ROOT; };
		BD1CE153F603484999CC1123 /* User.swift */ = {isa = PBXFileReference; lastKnownFileType = sourcecode.swift; name = User.swift; path = HomeHub/Models/User.swift; sourceTree = SOURCE_ROOT; };
		409F46C7AECF4C248E1924EC /* APIClient.swift */ = {isa = PBXFileReference; lastKnownFileType = sourcecode.swift; name = APIClient.swift; path = HomeHub/Services/APIClient.swift; sourceTree = SOURCE_ROOT; };
		0A6C0464EA3A4BA2809AFF17 /* AuthService.swift */ = {isa = PBXFileReference; lastKnownFileType = sourcecode.swift; name = AuthService.swift; path = HomeHub/Services/AuthService.swift; sourceTree = SOURCE_ROOT; };
		AA1AEE6113BC45CFAF92E970 /* GoogleCalendarAuth.swift */ = {isa = PBXFileReference; lastKnownFileType = sourcecode.swift; name = GoogleCalendarAuth.swift; path = HomeHub/Services/GoogleCalendarAuth.swift; sourceTree = SOURCE_ROOT; };
		8F71BAF4505D48D9B6115F83 /* HomeHubAPI.swift */ = {isa = PBXFileReference; lastKnownFileType = sourcecode.swift; name = HomeHubAPI.swift; path = HomeHub/Services/HomeHubAPI.swift; sourceTree = SOURCE_ROOT; };
		DF55DA9E7EBA412BA6D71F73 /* AppTheme.swift */ = {isa = PBXFileReference; lastKnownFileType = sourcecode.swift; name = AppTheme.swift; path = HomeHub/Utilities/AppTheme.swift; sourceTree = SOURCE_ROOT; };
		B7D338421D0543C89A27E3D4 /* BirthdayHelpers.swift */ = {isa = PBXFileReference; lastKnownFileType = sourcecode.swift; name = BirthdayHelpers.swift; path = HomeHub/Utilities/BirthdayHelpers.swift; sourceTree = SOURCE_ROOT; };
		B49EB774D30B413BA8F23D82 /* CalendarHelpers.swift */ = {isa = PBXFileReference; lastKnownFileType = sourcecode.swift; name = CalendarHelpers.swift; path = HomeHub/Utilities/CalendarHelpers.swift; sourceTree = SOURCE_ROOT; };
		440FBBD805354B2E8D7857FE /* CalendarStatusHelpers.swift */ = {isa = PBXFileReference; lastKnownFileType = sourcecode.swift; name = CalendarStatusHelpers.swift; path = HomeHub/Utilities/CalendarStatusHelpers.swift; sourceTree = SOURCE_ROOT; };
		CA9F54EB77484C4899BA306E /* CalendarSyncInterval.swift */ = {isa = PBXFileReference; lastKnownFileType = sourcecode.swift; name = CalendarSyncInterval.swift; path = HomeHub/Utilities/CalendarSyncInterval.swift; sourceTree = SOURCE_ROOT; };
		742C3AB5015E4287BA4DB368 /* ChoreHelpers.swift */ = {isa = PBXFileReference; lastKnownFileType = sourcecode.swift; name = ChoreHelpers.swift; path = HomeHub/Utilities/ChoreHelpers.swift; sourceTree = SOURCE_ROOT; };
		6EF3DDB5FF884E0EA4DF454C /* DashboardHelpers.swift */ = {isa = PBXFileReference; lastKnownFileType = sourcecode.swift; name = DashboardHelpers.swift; path = HomeHub/Utilities/DashboardHelpers.swift; sourceTree = SOURCE_ROOT; };
		882C2906C1194362938E1504 /* DateHelpers.swift */ = {isa = PBXFileReference; lastKnownFileType = sourcecode.swift; name = DateHelpers.swift; path = HomeHub/Utilities/DateHelpers.swift; sourceTree = SOURCE_ROOT; };
		E71468D8477F4A4BA398E52E /* HouseholdRoles.swift */ = {isa = PBXFileReference; lastKnownFileType = sourcecode.swift; name = HouseholdRoles.swift; path = HomeHub/Utilities/HouseholdRoles.swift; sourceTree = SOURCE_ROOT; };
		D31CCF755D1147B5BA595580 /* NapHelpers.swift */ = {isa = PBXFileReference; lastKnownFileType = sourcecode.swift; name = NapHelpers.swift; path = HomeHub/Utilities/NapHelpers.swift; sourceTree = SOURCE_ROOT; };
		1718B370E06F4CC0ADDCA18E /* ProfileColors.swift */ = {isa = PBXFileReference; lastKnownFileType = sourcecode.swift; name = ProfileColors.swift; path = HomeHub/Utilities/ProfileColors.swift; sourceTree = SOURCE_ROOT; };
		EADBF97531A0449499C71549 /* ProfilePhotoHelpers.swift */ = {isa = PBXFileReference; lastKnownFileType = sourcecode.swift; name = ProfilePhotoHelpers.swift; path = HomeHub/Utilities/ProfilePhotoHelpers.swift; sourceTree = SOURCE_ROOT; };
		CC347B20427B4C4CBA38B7D9 /* RecipeFormHelpers.swift */ = {isa = PBXFileReference; lastKnownFileType = sourcecode.swift; name = RecipeFormHelpers.swift; path = HomeHub/Utilities/RecipeFormHelpers.swift; sourceTree = SOURCE_ROOT; };
		8E23ED3B382841C1A1F34249 /* SnackHelpers.swift */ = {isa = PBXFileReference; lastKnownFileType = sourcecode.swift; name = SnackHelpers.swift; path = HomeHub/Utilities/SnackHelpers.swift; sourceTree = SOURCE_ROOT; };
		31191EEF395F4DE29C5BFDB6 /* WeekStart.swift */ = {isa = PBXFileReference; lastKnownFileType = sourcecode.swift; name = WeekStart.swift; path = HomeHub/Utilities/WeekStart.swift; sourceTree = SOURCE_ROOT; };
		DB3CCDDFC0804E1A88FF252D /* CalendarSettingsViewModel.swift */ = {isa = PBXFileReference; lastKnownFileType = sourcecode.swift; name = CalendarSettingsViewModel.swift; path = HomeHub/ViewModels/CalendarSettingsViewModel.swift; sourceTree = SOURCE_ROOT; };
		96C73FC036FD4A9FB38D0F34 /* CalendarViewModel.swift */ = {isa = PBXFileReference; lastKnownFileType = sourcecode.swift; name = CalendarViewModel.swift; path = HomeHub/ViewModels/CalendarViewModel.swift; sourceTree = SOURCE_ROOT; };
		E8A714881AA343A188AF1602 /* ChoresViewModel.swift */ = {isa = PBXFileReference; lastKnownFileType = sourcecode.swift; name = ChoresViewModel.swift; path = HomeHub/ViewModels/ChoresViewModel.swift; sourceTree = SOURCE_ROOT; };
		79B390238AD34CBB970ED2E7 /* HouseholdMembersViewModel.swift */ = {isa = PBXFileReference; lastKnownFileType = sourcecode.swift; name = HouseholdMembersViewModel.swift; path = HomeHub/ViewModels/HouseholdMembersViewModel.swift; sourceTree = SOURCE_ROOT; };
		D45C420CD571413992C2CFCE /* MealsViewModel.swift */ = {isa = PBXFileReference; lastKnownFileType = sourcecode.swift; name = MealsViewModel.swift; path = HomeHub/ViewModels/MealsViewModel.swift; sourceTree = SOURCE_ROOT; };
		558442387DCF4BC9B3332937 /* MyProfileViewModel.swift */ = {isa = PBXFileReference; lastKnownFileType = sourcecode.swift; name = MyProfileViewModel.swift; path = HomeHub/ViewModels/MyProfileViewModel.swift; sourceTree = SOURCE_ROOT; };
		DCB17AF22C224065970A0302 /* ProfilesViewModel.swift */ = {isa = PBXFileReference; lastKnownFileType = sourcecode.swift; name = ProfilesViewModel.swift; path = HomeHub/ViewModels/ProfilesViewModel.swift; sourceTree = SOURCE_ROOT; };
		C2FF21C6ADEE45E5BBEB784B /* RecipesViewModel.swift */ = {isa = PBXFileReference; lastKnownFileType = sourcecode.swift; name = RecipesViewModel.swift; path = HomeHub/ViewModels/RecipesViewModel.swift; sourceTree = SOURCE_ROOT; };
		325264EB90E94CC0A445F642 /* RoutinesViewModel.swift */ = {isa = PBXFileReference; lastKnownFileType = sourcecode.swift; name = RoutinesViewModel.swift; path = HomeHub/ViewModels/RoutinesViewModel.swift; sourceTree = SOURCE_ROOT; };
		C20222E576974F6D888ABFBA /* SnacksViewModel.swift */ = {isa = PBXFileReference; lastKnownFileType = sourcecode.swift; name = SnacksViewModel.swift; path = HomeHub/ViewModels/SnacksViewModel.swift; sourceTree = SOURCE_ROOT; };
		4C7E8818FEC14CBA82ABADE3 /* SignInView.swift */ = {isa = PBXFileReference; lastKnownFileType = sourcecode.swift; name = SignInView.swift; path = HomeHub/Views/Auth/SignInView.swift; sourceTree = SOURCE_ROOT; };
		DB45821A58DA462CA420269B /* CalendarEventFormView.swift */ = {isa = PBXFileReference; lastKnownFileType = sourcecode.swift; name = CalendarEventFormView.swift; path = HomeHub/Views/Calendar/CalendarEventFormView.swift; sourceTree = SOURCE_ROOT; };
		D73E9541FF57415799827312 /* CalendarSettingsView.swift */ = {isa = PBXFileReference; lastKnownFileType = sourcecode.swift; name = CalendarSettingsView.swift; path = HomeHub/Views/Calendar/CalendarSettingsView.swift; sourceTree = SOURCE_ROOT; };
		C9D488C2CDB04B7C93E907B5 /* CalendarView.swift */ = {isa = PBXFileReference; lastKnownFileType = sourcecode.swift; name = CalendarView.swift; path = HomeHub/Views/Calendar/CalendarView.swift; sourceTree = SOURCE_ROOT; };
		08CD7E7D4927426FA0A7752D /* ChoreFormView.swift */ = {isa = PBXFileReference; lastKnownFileType = sourcecode.swift; name = ChoreFormView.swift; path = HomeHub/Views/Chores/ChoreFormView.swift; sourceTree = SOURCE_ROOT; };
		D679EF04C79447FCBA0C7D96 /* ChoresView.swift */ = {isa = PBXFileReference; lastKnownFileType = sourcecode.swift; name = ChoresView.swift; path = HomeHub/Views/Chores/ChoresView.swift; sourceTree = SOURCE_ROOT; };
		4B44B1CD4EA64CF7A6FF4815 /* FormFields.swift */ = {isa = PBXFileReference; lastKnownFileType = sourcecode.swift; name = FormFields.swift; path = HomeHub/Views/Components/FormFields.swift; sourceTree = SOURCE_ROOT; };
		798CFCE26B464B5B9C1D73CB /* HubComponents.swift */ = {isa = PBXFileReference; lastKnownFileType = sourcecode.swift; name = HubComponents.swift; path = HomeHub/Views/Components/HubComponents.swift; sourceTree = SOURCE_ROOT; };
		E4182DBFD373467F9AC871D1 /* ThemeSettingView.swift */ = {isa = PBXFileReference; lastKnownFileType = sourcecode.swift; name = ThemeSettingView.swift; path = HomeHub/Views/Components/ThemeSettingView.swift; sourceTree = SOURCE_ROOT; };
		D3A787A7C4A5415F995DA9F4 /* DashboardView.swift */ = {isa = PBXFileReference; lastKnownFileType = sourcecode.swift; name = DashboardView.swift; path = HomeHub/Views/Dashboard/DashboardView.swift; sourceTree = SOURCE_ROOT; };
		ED12F2E5E4E34EB18ADA401F /* HubView.swift */ = {isa = PBXFileReference; lastKnownFileType = sourcecode.swift; name = HubView.swift; path = HomeHub/Views/Hub/HubView.swift; sourceTree = SOURCE_ROOT; };
		C005B0A3A00043BFB952D0AA /* MealInputView.swift */ = {isa = PBXFileReference; lastKnownFileType = sourcecode.swift; name = MealInputView.swift; path = HomeHub/Views/Meals/MealInputView.swift; sourceTree = SOURCE_ROOT; };
		686F87ADD5AB454BB9BDFD4B /* MealsView.swift */ = {isa = PBXFileReference; lastKnownFileType = sourcecode.swift; name = MealsView.swift; path = HomeHub/Views/Meals/MealsView.swift; sourceTree = SOURCE_ROOT; };
		CDCB1001D3D6415EB6530F61 /* NapsView.swift */ = {isa = PBXFileReference; lastKnownFileType = sourcecode.swift; name = NapsView.swift; path = HomeHub/Views/Naps/NapsView.swift; sourceTree = SOURCE_ROOT; };
		50DA6E0D3CBC457FA99123AE /* OnboardingView.swift */ = {isa = PBXFileReference; lastKnownFileType = sourcecode.swift; name = OnboardingView.swift; path = HomeHub/Views/Onboarding/OnboardingView.swift; sourceTree = SOURCE_ROOT; };
		BE2D261030174E56B9B8C2F2 /* MyProfileView.swift */ = {isa = PBXFileReference; lastKnownFileType = sourcecode.swift; name = MyProfileView.swift; path = HomeHub/Views/Profiles/MyProfileView.swift; sourceTree = SOURCE_ROOT; };
		3D3A7CA9B13E41E0863428B3 /* ProfileColorPickerView.swift */ = {isa = PBXFileReference; lastKnownFileType = sourcecode.swift; name = ProfileColorPickerView.swift; path = HomeHub/Views/Profiles/ProfileColorPickerView.swift; sourceTree = SOURCE_ROOT; };
		CAACBAD8187946EF929AD677 /* ProfileFormView.swift */ = {isa = PBXFileReference; lastKnownFileType = sourcecode.swift; name = ProfileFormView.swift; path = HomeHub/Views/Profiles/ProfileFormView.swift; sourceTree = SOURCE_ROOT; };
		4204353AE17643E2A0E123AB /* ProfilePhotoUploadView.swift */ = {isa = PBXFileReference; lastKnownFileType = sourcecode.swift; name = ProfilePhotoUploadView.swift; path = HomeHub/Views/Profiles/ProfilePhotoUploadView.swift; sourceTree = SOURCE_ROOT; };
		B34E57CBB87748E2B05A6F22 /* RecipeFormView.swift */ = {isa = PBXFileReference; lastKnownFileType = sourcecode.swift; name = RecipeFormView.swift; path = HomeHub/Views/Recipes/RecipeFormView.swift; sourceTree = SOURCE_ROOT; };
		BBB95FA120BE4C3C803A5CE1 /* RecipesView.swift */ = {isa = PBXFileReference; lastKnownFileType = sourcecode.swift; name = RecipesView.swift; path = HomeHub/Views/Recipes/RecipesView.swift; sourceTree = SOURCE_ROOT; };
		3FC993FB574B4401947CD1C2 /* RootView.swift */ = {isa = PBXFileReference; lastKnownFileType = sourcecode.swift; name = RootView.swift; path = HomeHub/Views/RootView.swift; sourceTree = SOURCE_ROOT; };
		E49CB2BCA9B041DCA466ACFB /* RoutineFormView.swift */ = {isa = PBXFileReference; lastKnownFileType = sourcecode.swift; name = RoutineFormView.swift; path = HomeHub/Views/Routines/RoutineFormView.swift; sourceTree = SOURCE_ROOT; };
		998EF026159445F59782EA34 /* RoutinesView.swift */ = {isa = PBXFileReference; lastKnownFileType = sourcecode.swift; name = RoutinesView.swift; path = HomeHub/Views/Routines/RoutinesView.swift; sourceTree = SOURCE_ROOT; };
		B7D3B427CFCB4FF5B930497F /* SettingsView.swift */ = {isa = PBXFileReference; lastKnownFileType = sourcecode.swift; name = SettingsView.swift; path = HomeHub/Views/Settings/SettingsView.swift; sourceTree = SOURCE_ROOT; };
		9FCA961AF2CA44879F52EBB9 /* SnacksView.swift */ = {isa = PBXFileReference; lastKnownFileType = sourcecode.swift; name = SnacksView.swift; path = HomeHub/Views/Snacks/SnacksView.swift; sourceTree = SOURCE_ROOT; };
		F4020BF826C74BF6B1B1C5F0 /* Info.plist */ = {isa = PBXFileReference; lastKnownFileType = text.plist.xml; path = HomeHub/Info.plist; sourceTree = SOURCE_ROOT; };
		96DB44BCEC894CDDA6880D90 /* Assets.xcassets */ = {isa = PBXFileReference; lastKnownFileType = folder.assetcatalog; path = HomeHub/Assets.xcassets; sourceTree = SOURCE_ROOT; };
		6DC4D8A5CF054D7985DDBF8F /* HomeHub.icon */ = {isa = PBXFileReference; lastKnownFileType = folder.iconcomposer.icon; path = HomeHub.icon; sourceTree = SOURCE_ROOT; };
		60882804D2FF4315BA350AF9 /* HomeHub.app */ = {isa = PBXFileReference; explicitFileType = wrapper.application; includeInIndex = 0; path = HomeHub.app; sourceTree = BUILT_PRODUCTS_DIR; };
		F0390886EC2149A2B7213745 /* AppState.swift in Sources */ = {isa = PBXBuildFile; fileRef = 6EE034331F904C96AD745850 /* AppState.swift */; };
		14C16E2570F74148A960B449 /* HomeHubApp.swift in Sources */ = {isa = PBXBuildFile; fileRef = B8E1B1BB76314C74A2CD59AB /* HomeHubApp.swift */; };
		75C20408553F49DB91C13FE4 /* Account.swift in Sources */ = {isa = PBXBuildFile; fileRef = 2833A82BA65E4384991EFA0E /* Account.swift */; };
		ABB400F46D9A4B93BDA2AEF4 /* Calendar.swift in Sources */ = {isa = PBXBuildFile; fileRef = 9DE043214507440C9119202B /* Calendar.swift */; };
		9AB1EA8A743345588C1DC58B /* Chore.swift in Sources */ = {isa = PBXBuildFile; fileRef = 9BBC13FC27CE46BAA56BB14C /* Chore.swift */; };
		69FDFB98C9004774B72D91B1 /* Dashboard.swift in Sources */ = {isa = PBXBuildFile; fileRef = 56D3A818DBD945A388D1B5DE /* Dashboard.swift */; };
		9323BFE4D62C4649A72D89A4 /* Enums.swift in Sources */ = {isa = PBXBuildFile; fileRef = 34FBC24604F642BD85F95818 /* Enums.swift */; };
		15C5FF9AA139465991B8529B /* Household.swift in Sources */ = {isa = PBXBuildFile; fileRef = 23D9716A3EE94CFC97D2DAAD /* Household.swift */; };
		4FB947C6265846A5AB33CFAE /* Meal.swift in Sources */ = {isa = PBXBuildFile; fileRef = EB9C0E01FE824491983AE584 /* Meal.swift */; };
		BE1E74D894774557A20B000A /* NapLog.swift in Sources */ = {isa = PBXBuildFile; fileRef = AFD17D4E80AB4E29AB865671 /* NapLog.swift */; };
		36A320E4BC154ED2A9832332 /* Profile.swift in Sources */ = {isa = PBXBuildFile; fileRef = 9A6BBA53D98949D8BC90559E /* Profile.swift */; };
		C69CBE9CF1AF47E38C971530 /* Recipe.swift in Sources */ = {isa = PBXBuildFile; fileRef = 248EB5A45AE94A20AE76DBA5 /* Recipe.swift */; };
		D8CF7586BC2546B0BBC89F5E /* Routine.swift in Sources */ = {isa = PBXBuildFile; fileRef = FC68DA3AEA61479B943FA5B2 /* Routine.swift */; };
		1ADA600FF073432ABFA6486D /* User.swift in Sources */ = {isa = PBXBuildFile; fileRef = BD1CE153F603484999CC1123 /* User.swift */; };
		FB9D8E63D00E4107A0B902EB /* APIClient.swift in Sources */ = {isa = PBXBuildFile; fileRef = 409F46C7AECF4C248E1924EC /* APIClient.swift */; };
		CDC816CD29AC4EEF8F53F15D /* AuthService.swift in Sources */ = {isa = PBXBuildFile; fileRef = 0A6C0464EA3A4BA2809AFF17 /* AuthService.swift */; };
		C71563B914AB470083F5AD29 /* GoogleCalendarAuth.swift in Sources */ = {isa = PBXBuildFile; fileRef = AA1AEE6113BC45CFAF92E970 /* GoogleCalendarAuth.swift */; };
		38245AD43DED4432B0A3A3FF /* HomeHubAPI.swift in Sources */ = {isa = PBXBuildFile; fileRef = 8F71BAF4505D48D9B6115F83 /* HomeHubAPI.swift */; };
		FEEC4A6A73DB4E55919E757B /* AppTheme.swift in Sources */ = {isa = PBXBuildFile; fileRef = DF55DA9E7EBA412BA6D71F73 /* AppTheme.swift */; };
		DF6B0F69187B4131973BAC42 /* BirthdayHelpers.swift in Sources */ = {isa = PBXBuildFile; fileRef = B7D338421D0543C89A27E3D4 /* BirthdayHelpers.swift */; };
		33BF753016264F6CB3B7940D /* CalendarHelpers.swift in Sources */ = {isa = PBXBuildFile; fileRef = B49EB774D30B413BA8F23D82 /* CalendarHelpers.swift */; };
		C3BF49623658422D8A9DA792 /* CalendarStatusHelpers.swift in Sources */ = {isa = PBXBuildFile; fileRef = 440FBBD805354B2E8D7857FE /* CalendarStatusHelpers.swift */; };
		2DEE0E0240964E898CCC7BC4 /* CalendarSyncInterval.swift in Sources */ = {isa = PBXBuildFile; fileRef = CA9F54EB77484C4899BA306E /* CalendarSyncInterval.swift */; };
		D7AF75E0C3D74625AD5F9E57 /* ChoreHelpers.swift in Sources */ = {isa = PBXBuildFile; fileRef = 742C3AB5015E4287BA4DB368 /* ChoreHelpers.swift */; };
		A4C47FE001DA49FEAB27FC0A /* DashboardHelpers.swift in Sources */ = {isa = PBXBuildFile; fileRef = 6EF3DDB5FF884E0EA4DF454C /* DashboardHelpers.swift */; };
		F3D6199EF0124991B2DC3877 /* DateHelpers.swift in Sources */ = {isa = PBXBuildFile; fileRef = 882C2906C1194362938E1504 /* DateHelpers.swift */; };
		DAEF820720454D1D93E23630 /* HouseholdRoles.swift in Sources */ = {isa = PBXBuildFile; fileRef = E71468D8477F4A4BA398E52E /* HouseholdRoles.swift */; };
		88D2FCBDA0D04AD2ACE07FD1 /* NapHelpers.swift in Sources */ = {isa = PBXBuildFile; fileRef = D31CCF755D1147B5BA595580 /* NapHelpers.swift */; };
		5036CB649A9B4B5C969B4BFF /* ProfileColors.swift in Sources */ = {isa = PBXBuildFile; fileRef = 1718B370E06F4CC0ADDCA18E /* ProfileColors.swift */; };
		3696337EA0C842BDB5446ACE /* ProfilePhotoHelpers.swift in Sources */ = {isa = PBXBuildFile; fileRef = EADBF97531A0449499C71549 /* ProfilePhotoHelpers.swift */; };
		77BCC3AD50114AF6B8348F43 /* RecipeFormHelpers.swift in Sources */ = {isa = PBXBuildFile; fileRef = CC347B20427B4C4CBA38B7D9 /* RecipeFormHelpers.swift */; };
		BDA28FC61D2D4F65A86577CD /* SnackHelpers.swift in Sources */ = {isa = PBXBuildFile; fileRef = 8E23ED3B382841C1A1F34249 /* SnackHelpers.swift */; };
		C4CDFD1B77EA4D38A675A985 /* WeekStart.swift in Sources */ = {isa = PBXBuildFile; fileRef = 31191EEF395F4DE29C5BFDB6 /* WeekStart.swift */; };
		128E622C76CD48D39596D2E3 /* CalendarSettingsViewModel.swift in Sources */ = {isa = PBXBuildFile; fileRef = DB3CCDDFC0804E1A88FF252D /* CalendarSettingsViewModel.swift */; };
		05916C225B0A4A619AAFBF3C /* CalendarViewModel.swift in Sources */ = {isa = PBXBuildFile; fileRef = 96C73FC036FD4A9FB38D0F34 /* CalendarViewModel.swift */; };
		1789BC21716D454BA91C4D09 /* ChoresViewModel.swift in Sources */ = {isa = PBXBuildFile; fileRef = E8A714881AA343A188AF1602 /* ChoresViewModel.swift */; };
		5A6A8167FCC546C39D61AF68 /* HouseholdMembersViewModel.swift in Sources */ = {isa = PBXBuildFile; fileRef = 79B390238AD34CBB970ED2E7 /* HouseholdMembersViewModel.swift */; };
		F31AA731C6394761BA4A558F /* MealsViewModel.swift in Sources */ = {isa = PBXBuildFile; fileRef = D45C420CD571413992C2CFCE /* MealsViewModel.swift */; };
		BBF99EEC07274250BFD640CB /* MyProfileViewModel.swift in Sources */ = {isa = PBXBuildFile; fileRef = 558442387DCF4BC9B3332937 /* MyProfileViewModel.swift */; };
		1F61E5D5F1194D3593217337 /* ProfilesViewModel.swift in Sources */ = {isa = PBXBuildFile; fileRef = DCB17AF22C224065970A0302 /* ProfilesViewModel.swift */; };
		0DF0EF412D9C4517886006D8 /* RecipesViewModel.swift in Sources */ = {isa = PBXBuildFile; fileRef = C2FF21C6ADEE45E5BBEB784B /* RecipesViewModel.swift */; };
		681B3A501FE849F4A5C2E30B /* RoutinesViewModel.swift in Sources */ = {isa = PBXBuildFile; fileRef = 325264EB90E94CC0A445F642 /* RoutinesViewModel.swift */; };
		3640436DCAB0469580AD5A0E /* SnacksViewModel.swift in Sources */ = {isa = PBXBuildFile; fileRef = C20222E576974F6D888ABFBA /* SnacksViewModel.swift */; };
		F4EB31FB2BAA4DBA8937C330 /* SignInView.swift in Sources */ = {isa = PBXBuildFile; fileRef = 4C7E8818FEC14CBA82ABADE3 /* SignInView.swift */; };
		0ABB4FCFC3694F78BF6BCBF6 /* CalendarEventFormView.swift in Sources */ = {isa = PBXBuildFile; fileRef = DB45821A58DA462CA420269B /* CalendarEventFormView.swift */; };
		5D50F154BCF14F719E68B4D1 /* CalendarSettingsView.swift in Sources */ = {isa = PBXBuildFile; fileRef = D73E9541FF57415799827312 /* CalendarSettingsView.swift */; };
		C0F85A7D9E7847B2B2FD4F99 /* CalendarView.swift in Sources */ = {isa = PBXBuildFile; fileRef = C9D488C2CDB04B7C93E907B5 /* CalendarView.swift */; };
		6FF2703516F24104B83943BA /* ChoreFormView.swift in Sources */ = {isa = PBXBuildFile; fileRef = 08CD7E7D4927426FA0A7752D /* ChoreFormView.swift */; };
		DDCE55E22AC24FA294211FBC /* ChoresView.swift in Sources */ = {isa = PBXBuildFile; fileRef = D679EF04C79447FCBA0C7D96 /* ChoresView.swift */; };
		CB59741FC0E54196A05B1C9D /* FormFields.swift in Sources */ = {isa = PBXBuildFile; fileRef = 4B44B1CD4EA64CF7A6FF4815 /* FormFields.swift */; };
		080421E8DDD240C1987E985B /* HubComponents.swift in Sources */ = {isa = PBXBuildFile; fileRef = 798CFCE26B464B5B9C1D73CB /* HubComponents.swift */; };
		53EEDEA9B8F648ABA3DD32DF /* ThemeSettingView.swift in Sources */ = {isa = PBXBuildFile; fileRef = E4182DBFD373467F9AC871D1 /* ThemeSettingView.swift */; };
		72FCCBD8A80A47D0B3F3A71F /* DashboardView.swift in Sources */ = {isa = PBXBuildFile; fileRef = D3A787A7C4A5415F995DA9F4 /* DashboardView.swift */; };
		55FB0C1F0FDB41E593BE9767 /* HubView.swift in Sources */ = {isa = PBXBuildFile; fileRef = ED12F2E5E4E34EB18ADA401F /* HubView.swift */; };
		7707196C459D4539A3A0F780 /* MealInputView.swift in Sources */ = {isa = PBXBuildFile; fileRef = C005B0A3A00043BFB952D0AA /* MealInputView.swift */; };
		A24389F649C241B6AF90EA54 /* MealsView.swift in Sources */ = {isa = PBXBuildFile; fileRef = 686F87ADD5AB454BB9BDFD4B /* MealsView.swift */; };
		E1180CA6A2674FDC8B436292 /* NapsView.swift in Sources */ = {isa = PBXBuildFile; fileRef = CDCB1001D3D6415EB6530F61 /* NapsView.swift */; };
		0FE12B4CF63F47D0A185CAAA /* OnboardingView.swift in Sources */ = {isa = PBXBuildFile; fileRef = 50DA6E0D3CBC457FA99123AE /* OnboardingView.swift */; };
		02C3CA6960D14C83A2CE6C8F /* MyProfileView.swift in Sources */ = {isa = PBXBuildFile; fileRef = BE2D261030174E56B9B8C2F2 /* MyProfileView.swift */; };
		476D2894FCE443B7B78DBE93 /* ProfileColorPickerView.swift in Sources */ = {isa = PBXBuildFile; fileRef = 3D3A7CA9B13E41E0863428B3 /* ProfileColorPickerView.swift */; };
		8D8C7516961C4F0180705715 /* ProfileFormView.swift in Sources */ = {isa = PBXBuildFile; fileRef = CAACBAD8187946EF929AD677 /* ProfileFormView.swift */; };
		BC41D231E0D24F4EB6F53D0A /* ProfilePhotoUploadView.swift in Sources */ = {isa = PBXBuildFile; fileRef = 4204353AE17643E2A0E123AB /* ProfilePhotoUploadView.swift */; };
		28E27059B85243C2973F208C /* RecipeFormView.swift in Sources */ = {isa = PBXBuildFile; fileRef = B34E57CBB87748E2B05A6F22 /* RecipeFormView.swift */; };
		17F23C28528C4255AD9917BC /* RecipesView.swift in Sources */ = {isa = PBXBuildFile; fileRef = BBB95FA120BE4C3C803A5CE1 /* RecipesView.swift */; };
		ACE19D9C2F72430880ECE550 /* RootView.swift in Sources */ = {isa = PBXBuildFile; fileRef = 3FC993FB574B4401947CD1C2 /* RootView.swift */; };
		A6D7ACFAC301490996A9FACA /* RoutineFormView.swift in Sources */ = {isa = PBXBuildFile; fileRef = E49CB2BCA9B041DCA466ACFB /* RoutineFormView.swift */; };
		431885037AFA4F85B71FDBF9 /* RoutinesView.swift in Sources */ = {isa = PBXBuildFile; fileRef = 998EF026159445F59782EA34 /* RoutinesView.swift */; };
		5DA5472C2958491A9EBFE7A1 /* SettingsView.swift in Sources */ = {isa = PBXBuildFile; fileRef = B7D3B427CFCB4FF5B930497F /* SettingsView.swift */; };
		78E330AEB3E94273969F9D61 /* SnacksView.swift in Sources */ = {isa = PBXBuildFile; fileRef = 9FCA961AF2CA44879F52EBB9 /* SnacksView.swift */; };
		27D3238F2F2F495F8F31F07B /* Assets.xcassets in Resources */ = {isa = PBXBuildFile; fileRef = 96DB44BCEC894CDDA6880D90 /* Assets.xcassets */; };
		5EEBAD3135594B7BAEA04EC2 /* Products */ = {isa = PBXGroup; children = (60882804D2FF4315BA350AF9 /* HomeHub.app */); name = Products; sourceTree = "<group>"; };
		6B799FE28446491883D5A254 /* HomeHub */ = {isa = PBXGroup; children = (6EE034331F904C96AD745850 /* AppState.swift */, B8E1B1BB76314C74A2CD59AB /* HomeHubApp.swift */, 2833A82BA65E4384991EFA0E /* Account.swift */, 9DE043214507440C9119202B /* Calendar.swift */, 9BBC13FC27CE46BAA56BB14C /* Chore.swift */, 56D3A818DBD945A388D1B5DE /* Dashboard.swift */, 34FBC24604F642BD85F95818 /* Enums.swift */, 23D9716A3EE94CFC97D2DAAD /* Household.swift */, EB9C0E01FE824491983AE584 /* Meal.swift */, AFD17D4E80AB4E29AB865671 /* NapLog.swift */, 9A6BBA53D98949D8BC90559E /* Profile.swift */, 248EB5A45AE94A20AE76DBA5 /* Recipe.swift */, FC68DA3AEA61479B943FA5B2 /* Routine.swift */, BD1CE153F603484999CC1123 /* User.swift */, 409F46C7AECF4C248E1924EC /* APIClient.swift */, 0A6C0464EA3A4BA2809AFF17 /* AuthService.swift */, AA1AEE6113BC45CFAF92E970 /* GoogleCalendarAuth.swift */, 8F71BAF4505D48D9B6115F83 /* HomeHubAPI.swift */, DF55DA9E7EBA412BA6D71F73 /* AppTheme.swift */, B7D338421D0543C89A27E3D4 /* BirthdayHelpers.swift */, B49EB774D30B413BA8F23D82 /* CalendarHelpers.swift */, 440FBBD805354B2E8D7857FE /* CalendarStatusHelpers.swift */, CA9F54EB77484C4899BA306E /* CalendarSyncInterval.swift */, 742C3AB5015E4287BA4DB368 /* ChoreHelpers.swift */, 6EF3DDB5FF884E0EA4DF454C /* DashboardHelpers.swift */, 882C2906C1194362938E1504 /* DateHelpers.swift */, E71468D8477F4A4BA398E52E /* HouseholdRoles.swift */, D31CCF755D1147B5BA595580 /* NapHelpers.swift */, 1718B370E06F4CC0ADDCA18E /* ProfileColors.swift */, EADBF97531A0449499C71549 /* ProfilePhotoHelpers.swift */, CC347B20427B4C4CBA38B7D9 /* RecipeFormHelpers.swift */, 8E23ED3B382841C1A1F34249 /* SnackHelpers.swift */, 31191EEF395F4DE29C5BFDB6 /* WeekStart.swift */, DB3CCDDFC0804E1A88FF252D /* CalendarSettingsViewModel.swift */, 96C73FC036FD4A9FB38D0F34 /* CalendarViewModel.swift */, E8A714881AA343A188AF1602 /* ChoresViewModel.swift */, 79B390238AD34CBB970ED2E7 /* HouseholdMembersViewModel.swift */, D45C420CD571413992C2CFCE /* MealsViewModel.swift */, 558442387DCF4BC9B3332937 /* MyProfileViewModel.swift */, DCB17AF22C224065970A0302 /* ProfilesViewModel.swift */, C2FF21C6ADEE45E5BBEB784B /* RecipesViewModel.swift */, 325264EB90E94CC0A445F642 /* RoutinesViewModel.swift */, C20222E576974F6D888ABFBA /* SnacksViewModel.swift */, 4C7E8818FEC14CBA82ABADE3 /* SignInView.swift */, DB45821A58DA462CA420269B /* CalendarEventFormView.swift */, D73E9541FF57415799827312 /* CalendarSettingsView.swift */, C9D488C2CDB04B7C93E907B5 /* CalendarView.swift */, 08CD7E7D4927426FA0A7752D /* ChoreFormView.swift */, D679EF04C79447FCBA0C7D96 /* ChoresView.swift */, 4B44B1CD4EA64CF7A6FF4815 /* FormFields.swift */, 798CFCE26B464B5B9C1D73CB /* HubComponents.swift */, E4182DBFD373467F9AC871D1 /* ThemeSettingView.swift */, D3A787A7C4A5415F995DA9F4 /* DashboardView.swift */, ED12F2E5E4E34EB18ADA401F /* HubView.swift */, C005B0A3A00043BFB952D0AA /* MealInputView.swift */, 686F87ADD5AB454BB9BDFD4B /* MealsView.swift */, CDCB1001D3D6415EB6530F61 /* NapsView.swift */, 50DA6E0D3CBC457FA99123AE /* OnboardingView.swift */, BE2D261030174E56B9B8C2F2 /* MyProfileView.swift */, 3D3A7CA9B13E41E0863428B3 /* ProfileColorPickerView.swift */, CAACBAD8187946EF929AD677 /* ProfileFormView.swift */, 4204353AE17643E2A0E123AB /* ProfilePhotoUploadView.swift */, B34E57CBB87748E2B05A6F22 /* RecipeFormView.swift */, BBB95FA120BE4C3C803A5CE1 /* RecipesView.swift */, 3FC993FB574B4401947CD1C2 /* RootView.swift */, E49CB2BCA9B041DCA466ACFB /* RoutineFormView.swift */, 998EF026159445F59782EA34 /* RoutinesView.swift */, B7D3B427CFCB4FF5B930497F /* SettingsView.swift */, 9FCA961AF2CA44879F52EBB9 /* SnacksView.swift */, F4020BF826C74BF6B1B1C5F0 /* Info.plist */, 96DB44BCEC894CDDA6880D90 /* Assets.xcassets */); name = HomeHub; sourceTree = "<group>"; };
		76C654232E8040F5B0634377 = {isa = PBXGroup; children = (6B799FE28446491883D5A254 /* HomeHub */, 6DC4D8A5CF054D7985DDBF8F /* HomeHub.icon */, 5EEBAD3135594B7BAEA04EC2 /* Products */); sourceTree = "<group>"; };
		16B886A4B06D468092D9DA76 /* Frameworks */ = {isa = PBXFrameworksBuildPhase; buildActionMask = 2147483647; files = (); runOnlyForDeploymentPostprocessing = 0; };
		2DAB084F644B455E849D44B7 /* Sources */ = {isa = PBXSourcesBuildPhase; buildActionMask = 2147483647; files = (F0390886EC2149A2B7213745 /* AppState.swift in Sources */, 14C16E2570F74148A960B449 /* HomeHubApp.swift in Sources */, 75C20408553F49DB91C13FE4 /* Account.swift in Sources */, ABB400F46D9A4B93BDA2AEF4 /* Calendar.swift in Sources */, 9AB1EA8A743345588C1DC58B /* Chore.swift in Sources */, 69FDFB98C9004774B72D91B1 /* Dashboard.swift in Sources */, 9323BFE4D62C4649A72D89A4 /* Enums.swift in Sources */, 15C5FF9AA139465991B8529B /* Household.swift in Sources */, 4FB947C6265846A5AB33CFAE /* Meal.swift in Sources */, BE1E74D894774557A20B000A /* NapLog.swift in Sources */, 36A320E4BC154ED2A9832332 /* Profile.swift in Sources */, C69CBE9CF1AF47E38C971530 /* Recipe.swift in Sources */, D8CF7586BC2546B0BBC89F5E /* Routine.swift in Sources */, 1ADA600FF073432ABFA6486D /* User.swift in Sources */, FB9D8E63D00E4107A0B902EB /* APIClient.swift in Sources */, CDC816CD29AC4EEF8F53F15D /* AuthService.swift in Sources */, C71563B914AB470083F5AD29 /* GoogleCalendarAuth.swift in Sources */, 38245AD43DED4432B0A3A3FF /* HomeHubAPI.swift in Sources */, FEEC4A6A73DB4E55919E757B /* AppTheme.swift in Sources */, DF6B0F69187B4131973BAC42 /* BirthdayHelpers.swift in Sources */, 33BF753016264F6CB3B7940D /* CalendarHelpers.swift in Sources */, C3BF49623658422D8A9DA792 /* CalendarStatusHelpers.swift in Sources */, 2DEE0E0240964E898CCC7BC4 /* CalendarSyncInterval.swift in Sources */, D7AF75E0C3D74625AD5F9E57 /* ChoreHelpers.swift in Sources */, A4C47FE001DA49FEAB27FC0A /* DashboardHelpers.swift in Sources */, F3D6199EF0124991B2DC3877 /* DateHelpers.swift in Sources */, DAEF820720454D1D93E23630 /* HouseholdRoles.swift in Sources */, 88D2FCBDA0D04AD2ACE07FD1 /* NapHelpers.swift in Sources */, 5036CB649A9B4B5C969B4BFF /* ProfileColors.swift in Sources */, 3696337EA0C842BDB5446ACE /* ProfilePhotoHelpers.swift in Sources */, 77BCC3AD50114AF6B8348F43 /* RecipeFormHelpers.swift in Sources */, BDA28FC61D2D4F65A86577CD /* SnackHelpers.swift in Sources */, C4CDFD1B77EA4D38A675A985 /* WeekStart.swift in Sources */, 128E622C76CD48D39596D2E3 /* CalendarSettingsViewModel.swift in Sources */, 05916C225B0A4A619AAFBF3C /* CalendarViewModel.swift in Sources */, 1789BC21716D454BA91C4D09 /* ChoresViewModel.swift in Sources */, 5A6A8167FCC546C39D61AF68 /* HouseholdMembersViewModel.swift in Sources */, F31AA731C6394761BA4A558F /* MealsViewModel.swift in Sources */, BBF99EEC07274250BFD640CB /* MyProfileViewModel.swift in Sources */, 1F61E5D5F1194D3593217337 /* ProfilesViewModel.swift in Sources */, 0DF0EF412D9C4517886006D8 /* RecipesViewModel.swift in Sources */, 681B3A501FE849F4A5C2E30B /* RoutinesViewModel.swift in Sources */, 3640436DCAB0469580AD5A0E /* SnacksViewModel.swift in Sources */, F4EB31FB2BAA4DBA8937C330 /* SignInView.swift in Sources */, 0ABB4FCFC3694F78BF6BCBF6 /* CalendarEventFormView.swift in Sources */, 5D50F154BCF14F719E68B4D1 /* CalendarSettingsView.swift in Sources */, C0F85A7D9E7847B2B2FD4F99 /* CalendarView.swift in Sources */, 6FF2703516F24104B83943BA /* ChoreFormView.swift in Sources */, DDCE55E22AC24FA294211FBC /* ChoresView.swift in Sources */, CB59741FC0E54196A05B1C9D /* FormFields.swift in Sources */, 080421E8DDD240C1987E985B /* HubComponents.swift in Sources */, 53EEDEA9B8F648ABA3DD32DF /* ThemeSettingView.swift in Sources */, 72FCCBD8A80A47D0B3F3A71F /* DashboardView.swift in Sources */, 55FB0C1F0FDB41E593BE9767 /* HubView.swift in Sources */, 7707196C459D4539A3A0F780 /* MealInputView.swift in Sources */, A24389F649C241B6AF90EA54 /* MealsView.swift in Sources */, E1180CA6A2674FDC8B436292 /* NapsView.swift in Sources */, 0FE12B4CF63F47D0A185CAAA /* OnboardingView.swift in Sources */, 02C3CA6960D14C83A2CE6C8F /* MyProfileView.swift in Sources */, 476D2894FCE443B7B78DBE93 /* ProfileColorPickerView.swift in Sources */, 8D8C7516961C4F0180705715 /* ProfileFormView.swift in Sources */, BC41D231E0D24F4EB6F53D0A /* ProfilePhotoUploadView.swift in Sources */, 28E27059B85243C2973F208C /* RecipeFormView.swift in Sources */, 17F23C28528C4255AD9917BC /* RecipesView.swift in Sources */, ACE19D9C2F72430880ECE550 /* RootView.swift in Sources */, A6D7ACFAC301490996A9FACA /* RoutineFormView.swift in Sources */, 431885037AFA4F85B71FDBF9 /* RoutinesView.swift in Sources */, 5DA5472C2958491A9EBFE7A1 /* SettingsView.swift in Sources */, 78E330AEB3E94273969F9D61 /* SnacksView.swift in Sources */); runOnlyForDeploymentPostprocessing = 0; };
		A929A83917BA48E18AAA30A2 /* Resources */ = {isa = PBXResourcesBuildPhase; buildActionMask = 2147483647; files = (27D3238F2F2F495F8F31F07B /* Assets.xcassets in Resources */); runOnlyForDeploymentPostprocessing = 0; };
		FA14CBA0D0D34123A753258F /* HomeHub */ = {isa = PBXNativeTarget; buildConfigurationList = 4A81B684993743C09A9BBC7A; buildPhases = (2DAB084F644B455E849D44B7 /* Sources */, 16B886A4B06D468092D9DA76 /* Frameworks */, A929A83917BA48E18AAA30A2 /* Resources */); buildRules = (); dependencies = (); name = HomeHub; productName = HomeHub; productReference = 60882804D2FF4315BA350AF9; productType = "com.apple.product-type.application"; };
		6E67790C442747859808E395 /* Project object */ = {isa = PBXProject; attributes = {BuildIndependentTargetsInParallel = 1; LastUpgradeCheck = 1600;}; buildConfigurationList = A825150768744B13A27110ED; compatibilityVersion = "Xcode 14.0"; developmentRegion = en; hasScannedForEncodings = 0; knownRegions = (en, Base); mainGroup = 76C654232E8040F5B0634377; productRefGroup = 5EEBAD3135594B7BAEA04EC2; projectDirPath = ""; projectRoot = ""; targets = (FA14CBA0D0D34123A753258F); };
		2EF88BC46A9643A89DBD85E1 /* Debug */ = {isa = XCBuildConfiguration; buildSettings = {IPHONEOS_DEPLOYMENT_TARGET = 17.0; SWIFT_VERSION = 5.0; TARGETED_DEVICE_FAMILY = 2; }; name = Debug; };
		A4EBB1FDAC664B38A7CFD75F /* Release */ = {isa = XCBuildConfiguration; buildSettings = {IPHONEOS_DEPLOYMENT_TARGET = 17.0; SWIFT_VERSION = 5.0; TARGETED_DEVICE_FAMILY = 2; }; name = Release; };
		F473D917341F4142954199F7 /* Debug */ = {isa = XCBuildConfiguration; buildSettings = {ALWAYS_SEARCH_USER_PATHS = NO; ASSETCATALOG_COMPILER_APPICON_NAME = HomeHub; CODE_SIGN_STYLE = Automatic; CURRENT_PROJECT_VERSION = 1; GENERATE_INFOPLIST_FILE = NO; INFOPLIST_FILE = HomeHub/Info.plist; LD_RUNPATH_SEARCH_PATHS = ("$(inherited)", "@executable_path/Frameworks"); MARKETING_VERSION = 1.0; PRODUCT_BUNDLE_IDENTIFIER = com.homehub.app; PRODUCT_NAME = "$(TARGET_NAME)"; SDKROOT = iphoneos; SUPPORTED_PLATFORMS = "iphoneos iphonesimulator"; SWIFT_EMIT_LOC_STRINGS = YES; SWIFT_ACTIVE_COMPILATION_CONDITIONS = DEBUG; }; name = Debug; };
		328F017354764F1C9B9659CE /* Release */ = {isa = XCBuildConfiguration; buildSettings = {ALWAYS_SEARCH_USER_PATHS = NO; ASSETCATALOG_COMPILER_APPICON_NAME = HomeHub; CODE_SIGN_STYLE = Automatic; CURRENT_PROJECT_VERSION = 1; GENERATE_INFOPLIST_FILE = NO; INFOPLIST_FILE = HomeHub/Info.plist; LD_RUNPATH_SEARCH_PATHS = ("$(inherited)", "@executable_path/Frameworks"); MARKETING_VERSION = 1.0; PRODUCT_BUNDLE_IDENTIFIER = com.homehub.app; PRODUCT_NAME = "$(TARGET_NAME)"; SDKROOT = iphoneos; SUPPORTED_PLATFORMS = "iphoneos iphonesimulator"; SWIFT_EMIT_LOC_STRINGS = YES; }; name = Release; };
		A825150768744B13A27110ED = {isa = XCConfigurationList; buildConfigurations = (2EF88BC46A9643A89DBD85E1 /* Debug */, A4EBB1FDAC664B38A7CFD75F /* Release */); defaultConfigurationIsVisible = 0; defaultConfigurationName = Release; };
		4A81B684993743C09A9BBC7A = {isa = XCConfigurationList; buildConfigurations = (F473D917341F4142954199F7 /* Debug */, 328F017354764F1C9B9659CE /* Release */); defaultConfigurationIsVisible = 0; defaultConfigurationName = Release; };
	};
	rootObject = 6E67790C442747859808E395 /* Project object */;
}
