// !$*UTF8*$!
{
	archiveVersion = 1;
	classes = {};
	objectVersion = 56;
	objects = {
		D49D6FEAED7B47A5A88495F9 /* AppState.swift */ = {isa = PBXFileReference; lastKnownFileType = sourcecode.swift; name = AppState.swift; path = HomeHub/App/AppState.swift; sourceTree = SOURCE_ROOT; };
		6FAF9BC6DD9343B09DB2818E /* HomeHubApp.swift */ = {isa = PBXFileReference; lastKnownFileType = sourcecode.swift; name = HomeHubApp.swift; path = HomeHub/HomeHubApp.swift; sourceTree = SOURCE_ROOT; };
		B68F009AA48B4D7894A2C69E /* Account.swift */ = {isa = PBXFileReference; lastKnownFileType = sourcecode.swift; name = Account.swift; path = HomeHub/Models/Account.swift; sourceTree = SOURCE_ROOT; };
		FD17949E648649CCA0A729BF /* Calendar.swift */ = {isa = PBXFileReference; lastKnownFileType = sourcecode.swift; name = Calendar.swift; path = HomeHub/Models/Calendar.swift; sourceTree = SOURCE_ROOT; };
		F30ABCFFF42C438CA684324A /* Chore.swift */ = {isa = PBXFileReference; lastKnownFileType = sourcecode.swift; name = Chore.swift; path = HomeHub/Models/Chore.swift; sourceTree = SOURCE_ROOT; };
		1E06561F4F684426866EFB88 /* Dashboard.swift */ = {isa = PBXFileReference; lastKnownFileType = sourcecode.swift; name = Dashboard.swift; path = HomeHub/Models/Dashboard.swift; sourceTree = SOURCE_ROOT; };
		C9D179E0BDFF4E6185908DE4 /* Enums.swift */ = {isa = PBXFileReference; lastKnownFileType = sourcecode.swift; name = Enums.swift; path = HomeHub/Models/Enums.swift; sourceTree = SOURCE_ROOT; };
		F01940A95B534C7BAA6650D2 /* Household.swift */ = {isa = PBXFileReference; lastKnownFileType = sourcecode.swift; name = Household.swift; path = HomeHub/Models/Household.swift; sourceTree = SOURCE_ROOT; };
		A8C0C7707427431A8A7849D7 /* Meal.swift */ = {isa = PBXFileReference; lastKnownFileType = sourcecode.swift; name = Meal.swift; path = HomeHub/Models/Meal.swift; sourceTree = SOURCE_ROOT; };
		D3ED7A30057B47CFB6531E65 /* Profile.swift */ = {isa = PBXFileReference; lastKnownFileType = sourcecode.swift; name = Profile.swift; path = HomeHub/Models/Profile.swift; sourceTree = SOURCE_ROOT; };
		FA37767B65EE4A25882CB626 /* Recipe.swift */ = {isa = PBXFileReference; lastKnownFileType = sourcecode.swift; name = Recipe.swift; path = HomeHub/Models/Recipe.swift; sourceTree = SOURCE_ROOT; };
		D6B7A33300104720BA64F1EA /* Routine.swift */ = {isa = PBXFileReference; lastKnownFileType = sourcecode.swift; name = Routine.swift; path = HomeHub/Models/Routine.swift; sourceTree = SOURCE_ROOT; };
		2EB2914EFF1D4E2DAA1F1BB5 /* User.swift */ = {isa = PBXFileReference; lastKnownFileType = sourcecode.swift; name = User.swift; path = HomeHub/Models/User.swift; sourceTree = SOURCE_ROOT; };
		B13BB4A00AE34D14978969AC /* APIClient.swift */ = {isa = PBXFileReference; lastKnownFileType = sourcecode.swift; name = APIClient.swift; path = HomeHub/Services/APIClient.swift; sourceTree = SOURCE_ROOT; };
		CE97803FC3BC44B58360F0C4 /* AuthService.swift */ = {isa = PBXFileReference; lastKnownFileType = sourcecode.swift; name = AuthService.swift; path = HomeHub/Services/AuthService.swift; sourceTree = SOURCE_ROOT; };
		860367A703904848B311FFBD /* GoogleCalendarAuth.swift */ = {isa = PBXFileReference; lastKnownFileType = sourcecode.swift; name = GoogleCalendarAuth.swift; path = HomeHub/Services/GoogleCalendarAuth.swift; sourceTree = SOURCE_ROOT; };
		B1B7272205C3490D99F6E543 /* HomeHubAPI.swift */ = {isa = PBXFileReference; lastKnownFileType = sourcecode.swift; name = HomeHubAPI.swift; path = HomeHub/Services/HomeHubAPI.swift; sourceTree = SOURCE_ROOT; };
		21CEB190FF774729B4DA9675 /* AppTheme.swift */ = {isa = PBXFileReference; lastKnownFileType = sourcecode.swift; name = AppTheme.swift; path = HomeHub/Utilities/AppTheme.swift; sourceTree = SOURCE_ROOT; };
		41EE60EBCBCD4E2BA9410F0A /* BirthdayHelpers.swift */ = {isa = PBXFileReference; lastKnownFileType = sourcecode.swift; name = BirthdayHelpers.swift; path = HomeHub/Utilities/BirthdayHelpers.swift; sourceTree = SOURCE_ROOT; };
		F2A9484457D04BBE881BA63D /* CalendarHelpers.swift */ = {isa = PBXFileReference; lastKnownFileType = sourcecode.swift; name = CalendarHelpers.swift; path = HomeHub/Utilities/CalendarHelpers.swift; sourceTree = SOURCE_ROOT; };
		35CF49F1E0A743B7B51B1C6F /* CalendarStatusHelpers.swift */ = {isa = PBXFileReference; lastKnownFileType = sourcecode.swift; name = CalendarStatusHelpers.swift; path = HomeHub/Utilities/CalendarStatusHelpers.swift; sourceTree = SOURCE_ROOT; };
		0A3985B4346D40DC8F57F1A3 /* CalendarSyncInterval.swift */ = {isa = PBXFileReference; lastKnownFileType = sourcecode.swift; name = CalendarSyncInterval.swift; path = HomeHub/Utilities/CalendarSyncInterval.swift; sourceTree = SOURCE_ROOT; };
		3FF76BB545C54552B706EA9F /* ChoreHelpers.swift */ = {isa = PBXFileReference; lastKnownFileType = sourcecode.swift; name = ChoreHelpers.swift; path = HomeHub/Utilities/ChoreHelpers.swift; sourceTree = SOURCE_ROOT; };
		9C60D2B83F074537B90CE42F /* DashboardHelpers.swift */ = {isa = PBXFileReference; lastKnownFileType = sourcecode.swift; name = DashboardHelpers.swift; path = HomeHub/Utilities/DashboardHelpers.swift; sourceTree = SOURCE_ROOT; };
		B8609D9AA0724A77A6207B7B /* DateHelpers.swift */ = {isa = PBXFileReference; lastKnownFileType = sourcecode.swift; name = DateHelpers.swift; path = HomeHub/Utilities/DateHelpers.swift; sourceTree = SOURCE_ROOT; };
		4BE388736D8640D2AF02F2ED /* HouseholdRoles.swift */ = {isa = PBXFileReference; lastKnownFileType = sourcecode.swift; name = HouseholdRoles.swift; path = HomeHub/Utilities/HouseholdRoles.swift; sourceTree = SOURCE_ROOT; };
		3A9E66E9D2284DB08D0FF564 /* ProfileColors.swift */ = {isa = PBXFileReference; lastKnownFileType = sourcecode.swift; name = ProfileColors.swift; path = HomeHub/Utilities/ProfileColors.swift; sourceTree = SOURCE_ROOT; };
		359293AE447A4CF2A050C346 /* ProfilePhotoHelpers.swift */ = {isa = PBXFileReference; lastKnownFileType = sourcecode.swift; name = ProfilePhotoHelpers.swift; path = HomeHub/Utilities/ProfilePhotoHelpers.swift; sourceTree = SOURCE_ROOT; };
		5C9D5F1C069C4FACB5EFE9ED /* RecipeFormHelpers.swift */ = {isa = PBXFileReference; lastKnownFileType = sourcecode.swift; name = RecipeFormHelpers.swift; path = HomeHub/Utilities/RecipeFormHelpers.swift; sourceTree = SOURCE_ROOT; };
		D06596783A4D430CBC4D4225 /* SnackHelpers.swift */ = {isa = PBXFileReference; lastKnownFileType = sourcecode.swift; name = SnackHelpers.swift; path = HomeHub/Utilities/SnackHelpers.swift; sourceTree = SOURCE_ROOT; };
		0F021E576CA5452AB94F038A /* WeekStart.swift */ = {isa = PBXFileReference; lastKnownFileType = sourcecode.swift; name = WeekStart.swift; path = HomeHub/Utilities/WeekStart.swift; sourceTree = SOURCE_ROOT; };
		73FFF742F02A42A3BDFE1E44 /* CalendarSettingsViewModel.swift */ = {isa = PBXFileReference; lastKnownFileType = sourcecode.swift; name = CalendarSettingsViewModel.swift; path = HomeHub/ViewModels/CalendarSettingsViewModel.swift; sourceTree = SOURCE_ROOT; };
		2F1134CE5E9B4C6BAE64D813 /* CalendarViewModel.swift */ = {isa = PBXFileReference; lastKnownFileType = sourcecode.swift; name = CalendarViewModel.swift; path = HomeHub/ViewModels/CalendarViewModel.swift; sourceTree = SOURCE_ROOT; };
		5C3A7C3681A74C40B0F7CDA2 /* ChoresViewModel.swift */ = {isa = PBXFileReference; lastKnownFileType = sourcecode.swift; name = ChoresViewModel.swift; path = HomeHub/ViewModels/ChoresViewModel.swift; sourceTree = SOURCE_ROOT; };
		7E27E31BC6A8465583397F95 /* HouseholdMembersViewModel.swift */ = {isa = PBXFileReference; lastKnownFileType = sourcecode.swift; name = HouseholdMembersViewModel.swift; path = HomeHub/ViewModels/HouseholdMembersViewModel.swift; sourceTree = SOURCE_ROOT; };
		68563FA6F5A847B3B51D3F61 /* MealsViewModel.swift */ = {isa = PBXFileReference; lastKnownFileType = sourcecode.swift; name = MealsViewModel.swift; path = HomeHub/ViewModels/MealsViewModel.swift; sourceTree = SOURCE_ROOT; };
		E6CE6276E54C4C0B82056563 /* MyProfileViewModel.swift */ = {isa = PBXFileReference; lastKnownFileType = sourcecode.swift; name = MyProfileViewModel.swift; path = HomeHub/ViewModels/MyProfileViewModel.swift; sourceTree = SOURCE_ROOT; };
		08056E385EB041259E481641 /* ProfilesViewModel.swift */ = {isa = PBXFileReference; lastKnownFileType = sourcecode.swift; name = ProfilesViewModel.swift; path = HomeHub/ViewModels/ProfilesViewModel.swift; sourceTree = SOURCE_ROOT; };
		FA6FF600ACA343B59C7D587D /* RecipesViewModel.swift */ = {isa = PBXFileReference; lastKnownFileType = sourcecode.swift; name = RecipesViewModel.swift; path = HomeHub/ViewModels/RecipesViewModel.swift; sourceTree = SOURCE_ROOT; };
		064FE666F8214A2EADED3BA0 /* RoutinesViewModel.swift */ = {isa = PBXFileReference; lastKnownFileType = sourcecode.swift; name = RoutinesViewModel.swift; path = HomeHub/ViewModels/RoutinesViewModel.swift; sourceTree = SOURCE_ROOT; };
		DDC0C0A289F44A6CA6966166 /* SnacksViewModel.swift */ = {isa = PBXFileReference; lastKnownFileType = sourcecode.swift; name = SnacksViewModel.swift; path = HomeHub/ViewModels/SnacksViewModel.swift; sourceTree = SOURCE_ROOT; };
		D6791C841F8146068B4251F7 /* SignInView.swift */ = {isa = PBXFileReference; lastKnownFileType = sourcecode.swift; name = SignInView.swift; path = HomeHub/Views/Auth/SignInView.swift; sourceTree = SOURCE_ROOT; };
		CCBA7129B63045DEB7F89C3D /* CalendarEventFormView.swift */ = {isa = PBXFileReference; lastKnownFileType = sourcecode.swift; name = CalendarEventFormView.swift; path = HomeHub/Views/Calendar/CalendarEventFormView.swift; sourceTree = SOURCE_ROOT; };
		0B2CDB07946A400EAC233ED3 /* CalendarSettingsView.swift */ = {isa = PBXFileReference; lastKnownFileType = sourcecode.swift; name = CalendarSettingsView.swift; path = HomeHub/Views/Calendar/CalendarSettingsView.swift; sourceTree = SOURCE_ROOT; };
		CA425CE945564A91A8DF1242 /* CalendarView.swift */ = {isa = PBXFileReference; lastKnownFileType = sourcecode.swift; name = CalendarView.swift; path = HomeHub/Views/Calendar/CalendarView.swift; sourceTree = SOURCE_ROOT; };
		B2FFDC5A86F0456084C1AC9A /* ChoreFormView.swift */ = {isa = PBXFileReference; lastKnownFileType = sourcecode.swift; name = ChoreFormView.swift; path = HomeHub/Views/Chores/ChoreFormView.swift; sourceTree = SOURCE_ROOT; };
		3FCE2A5D53FF45F29E0A934E /* ChoresView.swift */ = {isa = PBXFileReference; lastKnownFileType = sourcecode.swift; name = ChoresView.swift; path = HomeHub/Views/Chores/ChoresView.swift; sourceTree = SOURCE_ROOT; };
		EED0ACF3D8B34B98897C4C89 /* FormFields.swift */ = {isa = PBXFileReference; lastKnownFileType = sourcecode.swift; name = FormFields.swift; path = HomeHub/Views/Components/FormFields.swift; sourceTree = SOURCE_ROOT; };
		61718F329AC3493EA97AAEEF /* HubComponents.swift */ = {isa = PBXFileReference; lastKnownFileType = sourcecode.swift; name = HubComponents.swift; path = HomeHub/Views/Components/HubComponents.swift; sourceTree = SOURCE_ROOT; };
		E3E19A73D0B140F59681108B /* ThemeSettingView.swift */ = {isa = PBXFileReference; lastKnownFileType = sourcecode.swift; name = ThemeSettingView.swift; path = HomeHub/Views/Components/ThemeSettingView.swift; sourceTree = SOURCE_ROOT; };
		BF77299B7DFA4A6B8A7FABE4 /* DashboardView.swift */ = {isa = PBXFileReference; lastKnownFileType = sourcecode.swift; name = DashboardView.swift; path = HomeHub/Views/Dashboard/DashboardView.swift; sourceTree = SOURCE_ROOT; };
		98B26A1CAE394102B35EE5DD /* HubView.swift */ = {isa = PBXFileReference; lastKnownFileType = sourcecode.swift; name = HubView.swift; path = HomeHub/Views/Hub/HubView.swift; sourceTree = SOURCE_ROOT; };
		90995B875E5F4CD98F276433 /* MealInputView.swift */ = {isa = PBXFileReference; lastKnownFileType = sourcecode.swift; name = MealInputView.swift; path = HomeHub/Views/Meals/MealInputView.swift; sourceTree = SOURCE_ROOT; };
		6F99FFB9EFBA4D7BBD3FC0B2 /* MealsView.swift */ = {isa = PBXFileReference; lastKnownFileType = sourcecode.swift; name = MealsView.swift; path = HomeHub/Views/Meals/MealsView.swift; sourceTree = SOURCE_ROOT; };
		99791A77220B4173A7BA6021 /* OnboardingView.swift */ = {isa = PBXFileReference; lastKnownFileType = sourcecode.swift; name = OnboardingView.swift; path = HomeHub/Views/Onboarding/OnboardingView.swift; sourceTree = SOURCE_ROOT; };
		920AF26FA48C43498C1D7CF6 /* MyProfileView.swift */ = {isa = PBXFileReference; lastKnownFileType = sourcecode.swift; name = MyProfileView.swift; path = HomeHub/Views/Profiles/MyProfileView.swift; sourceTree = SOURCE_ROOT; };
		D54D992ABF4C441B8A3AEA28 /* ProfileColorPickerView.swift */ = {isa = PBXFileReference; lastKnownFileType = sourcecode.swift; name = ProfileColorPickerView.swift; path = HomeHub/Views/Profiles/ProfileColorPickerView.swift; sourceTree = SOURCE_ROOT; };
		FD30F1E1E3BD48B195E26ED7 /* ProfileFormView.swift */ = {isa = PBXFileReference; lastKnownFileType = sourcecode.swift; name = ProfileFormView.swift; path = HomeHub/Views/Profiles/ProfileFormView.swift; sourceTree = SOURCE_ROOT; };
		F35EC6F68F0F4AE98D6C8BA6 /* ProfilePhotoUploadView.swift */ = {isa = PBXFileReference; lastKnownFileType = sourcecode.swift; name = ProfilePhotoUploadView.swift; path = HomeHub/Views/Profiles/ProfilePhotoUploadView.swift; sourceTree = SOURCE_ROOT; };
		F95CF3C13AC149658F640B81 /* RecipeFormView.swift */ = {isa = PBXFileReference; lastKnownFileType = sourcecode.swift; name = RecipeFormView.swift; path = HomeHub/Views/Recipes/RecipeFormView.swift; sourceTree = SOURCE_ROOT; };
		23435AA4410F40D08C509A3E /* RecipesView.swift */ = {isa = PBXFileReference; lastKnownFileType = sourcecode.swift; name = RecipesView.swift; path = HomeHub/Views/Recipes/RecipesView.swift; sourceTree = SOURCE_ROOT; };
		530704F9CD344E3292977614 /* RootView.swift */ = {isa = PBXFileReference; lastKnownFileType = sourcecode.swift; name = RootView.swift; path = HomeHub/Views/RootView.swift; sourceTree = SOURCE_ROOT; };
		3B36E87D771F469296C2BF27 /* RoutineFormView.swift */ = {isa = PBXFileReference; lastKnownFileType = sourcecode.swift; name = RoutineFormView.swift; path = HomeHub/Views/Routines/RoutineFormView.swift; sourceTree = SOURCE_ROOT; };
		BC32F5B4D2E74255A80682C6 /* RoutinesView.swift */ = {isa = PBXFileReference; lastKnownFileType = sourcecode.swift; name = RoutinesView.swift; path = HomeHub/Views/Routines/RoutinesView.swift; sourceTree = SOURCE_ROOT; };
		4AE42FB61956476FB6B0EEAE /* SettingsView.swift */ = {isa = PBXFileReference; lastKnownFileType = sourcecode.swift; name = SettingsView.swift; path = HomeHub/Views/Settings/SettingsView.swift; sourceTree = SOURCE_ROOT; };
		ADD0D5B7F7B94B7696A61AFF /* SnacksView.swift */ = {isa = PBXFileReference; lastKnownFileType = sourcecode.swift; name = SnacksView.swift; path = HomeHub/Views/Snacks/SnacksView.swift; sourceTree = SOURCE_ROOT; };
		BE298EB6DE07417AA4005927 /* Info.plist */ = {isa = PBXFileReference; lastKnownFileType = text.plist.xml; path = HomeHub/Info.plist; sourceTree = SOURCE_ROOT; };
		8F207FB4C5064835AA118F06 /* Assets.xcassets */ = {isa = PBXFileReference; lastKnownFileType = folder.assetcatalog; path = HomeHub/Assets.xcassets; sourceTree = SOURCE_ROOT; };
		C2003DE415EF49AAAC7DA198 /* HomeHub.app */ = {isa = PBXFileReference; explicitFileType = wrapper.application; includeInIndex = 0; path = HomeHub.app; sourceTree = BUILT_PRODUCTS_DIR; };
		FCFC162510684569B59D8D9A /* AppState.swift in Sources */ = {isa = PBXBuildFile; fileRef = D49D6FEAED7B47A5A88495F9 /* AppState.swift */; };
		8D6BC8BFE0A047139632FD91 /* HomeHubApp.swift in Sources */ = {isa = PBXBuildFile; fileRef = 6FAF9BC6DD9343B09DB2818E /* HomeHubApp.swift */; };
		D65781C1E949426EA08172CF /* Account.swift in Sources */ = {isa = PBXBuildFile; fileRef = B68F009AA48B4D7894A2C69E /* Account.swift */; };
		A5D9FD5117524D65A8495142 /* Calendar.swift in Sources */ = {isa = PBXBuildFile; fileRef = FD17949E648649CCA0A729BF /* Calendar.swift */; };
		DCE6F02A36824D0D9ABB2B3E /* Chore.swift in Sources */ = {isa = PBXBuildFile; fileRef = F30ABCFFF42C438CA684324A /* Chore.swift */; };
		E3197BCCC8C6409D9AAA5B52 /* Dashboard.swift in Sources */ = {isa = PBXBuildFile; fileRef = 1E06561F4F684426866EFB88 /* Dashboard.swift */; };
		C5F5C8F4B7FB4AC7AB212D74 /* Enums.swift in Sources */ = {isa = PBXBuildFile; fileRef = C9D179E0BDFF4E6185908DE4 /* Enums.swift */; };
		6C995782785A4B89A9DF4A08 /* Household.swift in Sources */ = {isa = PBXBuildFile; fileRef = F01940A95B534C7BAA6650D2 /* Household.swift */; };
		CE632448B72F407E936E8CB8 /* Meal.swift in Sources */ = {isa = PBXBuildFile; fileRef = A8C0C7707427431A8A7849D7 /* Meal.swift */; };
		028D34EA996E494C8F663CE9 /* Profile.swift in Sources */ = {isa = PBXBuildFile; fileRef = D3ED7A30057B47CFB6531E65 /* Profile.swift */; };
		FB041A518368490B9B4829C0 /* Recipe.swift in Sources */ = {isa = PBXBuildFile; fileRef = FA37767B65EE4A25882CB626 /* Recipe.swift */; };
		546AA901EDBC44879835E1F1 /* Routine.swift in Sources */ = {isa = PBXBuildFile; fileRef = D6B7A33300104720BA64F1EA /* Routine.swift */; };
		56C8AC4AD5CD4FEC9F9BDDDB /* User.swift in Sources */ = {isa = PBXBuildFile; fileRef = 2EB2914EFF1D4E2DAA1F1BB5 /* User.swift */; };
		C592451283BD4951A3E1F9BC /* APIClient.swift in Sources */ = {isa = PBXBuildFile; fileRef = B13BB4A00AE34D14978969AC /* APIClient.swift */; };
		9C34B7309372408C8F9170D4 /* AuthService.swift in Sources */ = {isa = PBXBuildFile; fileRef = CE97803FC3BC44B58360F0C4 /* AuthService.swift */; };
		2F035C5196914F0295ADBC2B /* GoogleCalendarAuth.swift in Sources */ = {isa = PBXBuildFile; fileRef = 860367A703904848B311FFBD /* GoogleCalendarAuth.swift */; };
		C4FD86BB206147FEA84215CF /* HomeHubAPI.swift in Sources */ = {isa = PBXBuildFile; fileRef = B1B7272205C3490D99F6E543 /* HomeHubAPI.swift */; };
		8A4A04F316BC418288E0A7D1 /* AppTheme.swift in Sources */ = {isa = PBXBuildFile; fileRef = 21CEB190FF774729B4DA9675 /* AppTheme.swift */; };
		98DC518E5F4F4A03896266C9 /* BirthdayHelpers.swift in Sources */ = {isa = PBXBuildFile; fileRef = 41EE60EBCBCD4E2BA9410F0A /* BirthdayHelpers.swift */; };
		D814731A9A8048FCB9DEE2F4 /* CalendarHelpers.swift in Sources */ = {isa = PBXBuildFile; fileRef = F2A9484457D04BBE881BA63D /* CalendarHelpers.swift */; };
		2A1C21D9751C485CBC72EE0D /* CalendarStatusHelpers.swift in Sources */ = {isa = PBXBuildFile; fileRef = 35CF49F1E0A743B7B51B1C6F /* CalendarStatusHelpers.swift */; };
		DEB86CD2C95B4F7088E0AFE0 /* CalendarSyncInterval.swift in Sources */ = {isa = PBXBuildFile; fileRef = 0A3985B4346D40DC8F57F1A3 /* CalendarSyncInterval.swift */; };
		B15B00DEE5D24C4AA4D6197B /* ChoreHelpers.swift in Sources */ = {isa = PBXBuildFile; fileRef = 3FF76BB545C54552B706EA9F /* ChoreHelpers.swift */; };
		66F62D11CEE94BFD87F8F95A /* DashboardHelpers.swift in Sources */ = {isa = PBXBuildFile; fileRef = 9C60D2B83F074537B90CE42F /* DashboardHelpers.swift */; };
		93F78294D37042869778F20E /* DateHelpers.swift in Sources */ = {isa = PBXBuildFile; fileRef = B8609D9AA0724A77A6207B7B /* DateHelpers.swift */; };
		9DCC3193D94D4792B07B523D /* HouseholdRoles.swift in Sources */ = {isa = PBXBuildFile; fileRef = 4BE388736D8640D2AF02F2ED /* HouseholdRoles.swift */; };
		CE84F3D443AF49B1A2CB16F3 /* ProfileColors.swift in Sources */ = {isa = PBXBuildFile; fileRef = 3A9E66E9D2284DB08D0FF564 /* ProfileColors.swift */; };
		07F6B89E59114FD8A7286846 /* ProfilePhotoHelpers.swift in Sources */ = {isa = PBXBuildFile; fileRef = 359293AE447A4CF2A050C346 /* ProfilePhotoHelpers.swift */; };
		1725269F15F645F4829E6630 /* RecipeFormHelpers.swift in Sources */ = {isa = PBXBuildFile; fileRef = 5C9D5F1C069C4FACB5EFE9ED /* RecipeFormHelpers.swift */; };
		4BDA9B2E60E441B8BF50E271 /* SnackHelpers.swift in Sources */ = {isa = PBXBuildFile; fileRef = D06596783A4D430CBC4D4225 /* SnackHelpers.swift */; };
		72A3BEDAD39948D6A6AFDECF /* WeekStart.swift in Sources */ = {isa = PBXBuildFile; fileRef = 0F021E576CA5452AB94F038A /* WeekStart.swift */; };
		7EE1558BC4BA4595898F175F /* CalendarSettingsViewModel.swift in Sources */ = {isa = PBXBuildFile; fileRef = 73FFF742F02A42A3BDFE1E44 /* CalendarSettingsViewModel.swift */; };
		1DF76297159E4A04BD80AC8E /* CalendarViewModel.swift in Sources */ = {isa = PBXBuildFile; fileRef = 2F1134CE5E9B4C6BAE64D813 /* CalendarViewModel.swift */; };
		6AAAE5D5A0BC4EA89ED9B4C4 /* ChoresViewModel.swift in Sources */ = {isa = PBXBuildFile; fileRef = 5C3A7C3681A74C40B0F7CDA2 /* ChoresViewModel.swift */; };
		3C9211BD2BAA408A944E6B76 /* HouseholdMembersViewModel.swift in Sources */ = {isa = PBXBuildFile; fileRef = 7E27E31BC6A8465583397F95 /* HouseholdMembersViewModel.swift */; };
		5274DBFBF9F24173AC6EE18B /* MealsViewModel.swift in Sources */ = {isa = PBXBuildFile; fileRef = 68563FA6F5A847B3B51D3F61 /* MealsViewModel.swift */; };
		9FC14D2FFFAD496FAE0484E1 /* MyProfileViewModel.swift in Sources */ = {isa = PBXBuildFile; fileRef = E6CE6276E54C4C0B82056563 /* MyProfileViewModel.swift */; };
		B202EC52E21C456EA87BA340 /* ProfilesViewModel.swift in Sources */ = {isa = PBXBuildFile; fileRef = 08056E385EB041259E481641 /* ProfilesViewModel.swift */; };
		1463A8635B4A47EAAB45E64C /* RecipesViewModel.swift in Sources */ = {isa = PBXBuildFile; fileRef = FA6FF600ACA343B59C7D587D /* RecipesViewModel.swift */; };
		5F0073620DED43C0B72D416A /* RoutinesViewModel.swift in Sources */ = {isa = PBXBuildFile; fileRef = 064FE666F8214A2EADED3BA0 /* RoutinesViewModel.swift */; };
		6BBA028516EE48B89BBA2911 /* SnacksViewModel.swift in Sources */ = {isa = PBXBuildFile; fileRef = DDC0C0A289F44A6CA6966166 /* SnacksViewModel.swift */; };
		07AC2A4F479C4A6DBBC70EB3 /* SignInView.swift in Sources */ = {isa = PBXBuildFile; fileRef = D6791C841F8146068B4251F7 /* SignInView.swift */; };
		D0322775118340CC85B2C477 /* CalendarEventFormView.swift in Sources */ = {isa = PBXBuildFile; fileRef = CCBA7129B63045DEB7F89C3D /* CalendarEventFormView.swift */; };
		E47A3E98E0754FC1BE837DEE /* CalendarSettingsView.swift in Sources */ = {isa = PBXBuildFile; fileRef = 0B2CDB07946A400EAC233ED3 /* CalendarSettingsView.swift */; };
		04F887201C3A491F97104F0D /* CalendarView.swift in Sources */ = {isa = PBXBuildFile; fileRef = CA425CE945564A91A8DF1242 /* CalendarView.swift */; };
		04C553E7C2874C26979F60AE /* ChoreFormView.swift in Sources */ = {isa = PBXBuildFile; fileRef = B2FFDC5A86F0456084C1AC9A /* ChoreFormView.swift */; };
		F78901C86FF24D08B4A47ED4 /* ChoresView.swift in Sources */ = {isa = PBXBuildFile; fileRef = 3FCE2A5D53FF45F29E0A934E /* ChoresView.swift */; };
		09624F815CEA41E8B5A5CAEB /* FormFields.swift in Sources */ = {isa = PBXBuildFile; fileRef = EED0ACF3D8B34B98897C4C89 /* FormFields.swift */; };
		1E718A48DBB047A0B30AC47E /* HubComponents.swift in Sources */ = {isa = PBXBuildFile; fileRef = 61718F329AC3493EA97AAEEF /* HubComponents.swift */; };
		BDAD7EC3E3DB48F9959698AE /* ThemeSettingView.swift in Sources */ = {isa = PBXBuildFile; fileRef = E3E19A73D0B140F59681108B /* ThemeSettingView.swift */; };
		517390789E9843B585FC83C9 /* DashboardView.swift in Sources */ = {isa = PBXBuildFile; fileRef = BF77299B7DFA4A6B8A7FABE4 /* DashboardView.swift */; };
		74D0B8599767490781F82127 /* HubView.swift in Sources */ = {isa = PBXBuildFile; fileRef = 98B26A1CAE394102B35EE5DD /* HubView.swift */; };
		2E4921B4A69E4A578BFA24B4 /* MealInputView.swift in Sources */ = {isa = PBXBuildFile; fileRef = 90995B875E5F4CD98F276433 /* MealInputView.swift */; };
		8D0EDD3F1C4E4A17A01B07E1 /* MealsView.swift in Sources */ = {isa = PBXBuildFile; fileRef = 6F99FFB9EFBA4D7BBD3FC0B2 /* MealsView.swift */; };
		53016A228F5F4C788135386E /* OnboardingView.swift in Sources */ = {isa = PBXBuildFile; fileRef = 99791A77220B4173A7BA6021 /* OnboardingView.swift */; };
		36026E228CD348EEA18D3032 /* MyProfileView.swift in Sources */ = {isa = PBXBuildFile; fileRef = 920AF26FA48C43498C1D7CF6 /* MyProfileView.swift */; };
		C4A6A1905C1A4800ADE1400D /* ProfileColorPickerView.swift in Sources */ = {isa = PBXBuildFile; fileRef = D54D992ABF4C441B8A3AEA28 /* ProfileColorPickerView.swift */; };
		99F6711B797D4E7AA30C879E /* ProfileFormView.swift in Sources */ = {isa = PBXBuildFile; fileRef = FD30F1E1E3BD48B195E26ED7 /* ProfileFormView.swift */; };
		19D3DF1D9D9A43F4AF0C7E62 /* ProfilePhotoUploadView.swift in Sources */ = {isa = PBXBuildFile; fileRef = F35EC6F68F0F4AE98D6C8BA6 /* ProfilePhotoUploadView.swift */; };
		DBCFB71FD58D4011B0B0CAE6 /* RecipeFormView.swift in Sources */ = {isa = PBXBuildFile; fileRef = F95CF3C13AC149658F640B81 /* RecipeFormView.swift */; };
		4F730321AC694D96936FE826 /* RecipesView.swift in Sources */ = {isa = PBXBuildFile; fileRef = 23435AA4410F40D08C509A3E /* RecipesView.swift */; };
		A5A93A1F641546E8BB41F913 /* RootView.swift in Sources */ = {isa = PBXBuildFile; fileRef = 530704F9CD344E3292977614 /* RootView.swift */; };
		5639D8673C2E48B98C515172 /* RoutineFormView.swift in Sources */ = {isa = PBXBuildFile; fileRef = 3B36E87D771F469296C2BF27 /* RoutineFormView.swift */; };
		DC927035D6AF4C7698391665 /* RoutinesView.swift in Sources */ = {isa = PBXBuildFile; fileRef = BC32F5B4D2E74255A80682C6 /* RoutinesView.swift */; };
		D5D6D6A5403C491AB05900A4 /* SettingsView.swift in Sources */ = {isa = PBXBuildFile; fileRef = 4AE42FB61956476FB6B0EEAE /* SettingsView.swift */; };
		818196B150C0435C9407BC07 /* SnacksView.swift in Sources */ = {isa = PBXBuildFile; fileRef = ADD0D5B7F7B94B7696A61AFF /* SnacksView.swift */; };
		F7EF35675342473BAC6D03D8 /* Assets.xcassets in Resources */ = {isa = PBXBuildFile; fileRef = 8F207FB4C5064835AA118F06 /* Assets.xcassets */; };
		4FDB6E9CAA694DA782FB0D8C /* Products */ = {isa = PBXGroup; children = (C2003DE415EF49AAAC7DA198 /* HomeHub.app */); name = Products; sourceTree = "<group>"; };
		F6E0E020B1E64230B0BE9F69 /* HomeHub */ = {isa = PBXGroup; children = (D49D6FEAED7B47A5A88495F9 /* AppState.swift */, 6FAF9BC6DD9343B09DB2818E /* HomeHubApp.swift */, B68F009AA48B4D7894A2C69E /* Account.swift */, FD17949E648649CCA0A729BF /* Calendar.swift */, F30ABCFFF42C438CA684324A /* Chore.swift */, 1E06561F4F684426866EFB88 /* Dashboard.swift */, C9D179E0BDFF4E6185908DE4 /* Enums.swift */, F01940A95B534C7BAA6650D2 /* Household.swift */, A8C0C7707427431A8A7849D7 /* Meal.swift */, D3ED7A30057B47CFB6531E65 /* Profile.swift */, FA37767B65EE4A25882CB626 /* Recipe.swift */, D6B7A33300104720BA64F1EA /* Routine.swift */, 2EB2914EFF1D4E2DAA1F1BB5 /* User.swift */, B13BB4A00AE34D14978969AC /* APIClient.swift */, CE97803FC3BC44B58360F0C4 /* AuthService.swift */, 860367A703904848B311FFBD /* GoogleCalendarAuth.swift */, B1B7272205C3490D99F6E543 /* HomeHubAPI.swift */, 21CEB190FF774729B4DA9675 /* AppTheme.swift */, 41EE60EBCBCD4E2BA9410F0A /* BirthdayHelpers.swift */, F2A9484457D04BBE881BA63D /* CalendarHelpers.swift */, 35CF49F1E0A743B7B51B1C6F /* CalendarStatusHelpers.swift */, 0A3985B4346D40DC8F57F1A3 /* CalendarSyncInterval.swift */, 3FF76BB545C54552B706EA9F /* ChoreHelpers.swift */, 9C60D2B83F074537B90CE42F /* DashboardHelpers.swift */, B8609D9AA0724A77A6207B7B /* DateHelpers.swift */, 4BE388736D8640D2AF02F2ED /* HouseholdRoles.swift */, 3A9E66E9D2284DB08D0FF564 /* ProfileColors.swift */, 359293AE447A4CF2A050C346 /* ProfilePhotoHelpers.swift */, 5C9D5F1C069C4FACB5EFE9ED /* RecipeFormHelpers.swift */, D06596783A4D430CBC4D4225 /* SnackHelpers.swift */, 0F021E576CA5452AB94F038A /* WeekStart.swift */, 73FFF742F02A42A3BDFE1E44 /* CalendarSettingsViewModel.swift */, 2F1134CE5E9B4C6BAE64D813 /* CalendarViewModel.swift */, 5C3A7C3681A74C40B0F7CDA2 /* ChoresViewModel.swift */, 7E27E31BC6A8465583397F95 /* HouseholdMembersViewModel.swift */, 68563FA6F5A847B3B51D3F61 /* MealsViewModel.swift */, E6CE6276E54C4C0B82056563 /* MyProfileViewModel.swift */, 08056E385EB041259E481641 /* ProfilesViewModel.swift */, FA6FF600ACA343B59C7D587D /* RecipesViewModel.swift */, 064FE666F8214A2EADED3BA0 /* RoutinesViewModel.swift */, DDC0C0A289F44A6CA6966166 /* SnacksViewModel.swift */, D6791C841F8146068B4251F7 /* SignInView.swift */, CCBA7129B63045DEB7F89C3D /* CalendarEventFormView.swift */, 0B2CDB07946A400EAC233ED3 /* CalendarSettingsView.swift */, CA425CE945564A91A8DF1242 /* CalendarView.swift */, B2FFDC5A86F0456084C1AC9A /* ChoreFormView.swift */, 3FCE2A5D53FF45F29E0A934E /* ChoresView.swift */, EED0ACF3D8B34B98897C4C89 /* FormFields.swift */, 61718F329AC3493EA97AAEEF /* HubComponents.swift */, E3E19A73D0B140F59681108B /* ThemeSettingView.swift */, BF77299B7DFA4A6B8A7FABE4 /* DashboardView.swift */, 98B26A1CAE394102B35EE5DD /* HubView.swift */, 90995B875E5F4CD98F276433 /* MealInputView.swift */, 6F99FFB9EFBA4D7BBD3FC0B2 /* MealsView.swift */, 99791A77220B4173A7BA6021 /* OnboardingView.swift */, 920AF26FA48C43498C1D7CF6 /* MyProfileView.swift */, D54D992ABF4C441B8A3AEA28 /* ProfileColorPickerView.swift */, FD30F1E1E3BD48B195E26ED7 /* ProfileFormView.swift */, F35EC6F68F0F4AE98D6C8BA6 /* ProfilePhotoUploadView.swift */, F95CF3C13AC149658F640B81 /* RecipeFormView.swift */, 23435AA4410F40D08C509A3E /* RecipesView.swift */, 530704F9CD344E3292977614 /* RootView.swift */, 3B36E87D771F469296C2BF27 /* RoutineFormView.swift */, BC32F5B4D2E74255A80682C6 /* RoutinesView.swift */, 4AE42FB61956476FB6B0EEAE /* SettingsView.swift */, ADD0D5B7F7B94B7696A61AFF /* SnacksView.swift */, BE298EB6DE07417AA4005927 /* Info.plist */, 8F207FB4C5064835AA118F06 /* Assets.xcassets */); name = HomeHub; sourceTree = "<group>"; };
		5BD3A305325C47C8ABA2CE15 = {isa = PBXGroup; children = (F6E0E020B1E64230B0BE9F69 /* HomeHub */, 4FDB6E9CAA694DA782FB0D8C /* Products */); sourceTree = "<group>"; };
		3759851479EF4ED8A5BD18BA /* Frameworks */ = {isa = PBXFrameworksBuildPhase; buildActionMask = 2147483647; files = (); runOnlyForDeploymentPostprocessing = 0; };
		E400ADF66DB24383B9864D62 /* Sources */ = {isa = PBXSourcesBuildPhase; buildActionMask = 2147483647; files = (FCFC162510684569B59D8D9A /* AppState.swift in Sources */, 8D6BC8BFE0A047139632FD91 /* HomeHubApp.swift in Sources */, D65781C1E949426EA08172CF /* Account.swift in Sources */, A5D9FD5117524D65A8495142 /* Calendar.swift in Sources */, DCE6F02A36824D0D9ABB2B3E /* Chore.swift in Sources */, E3197BCCC8C6409D9AAA5B52 /* Dashboard.swift in Sources */, C5F5C8F4B7FB4AC7AB212D74 /* Enums.swift in Sources */, 6C995782785A4B89A9DF4A08 /* Household.swift in Sources */, CE632448B72F407E936E8CB8 /* Meal.swift in Sources */, 028D34EA996E494C8F663CE9 /* Profile.swift in Sources */, FB041A518368490B9B4829C0 /* Recipe.swift in Sources */, 546AA901EDBC44879835E1F1 /* Routine.swift in Sources */, 56C8AC4AD5CD4FEC9F9BDDDB /* User.swift in Sources */, C592451283BD4951A3E1F9BC /* APIClient.swift in Sources */, 9C34B7309372408C8F9170D4 /* AuthService.swift in Sources */, 2F035C5196914F0295ADBC2B /* GoogleCalendarAuth.swift in Sources */, C4FD86BB206147FEA84215CF /* HomeHubAPI.swift in Sources */, 8A4A04F316BC418288E0A7D1 /* AppTheme.swift in Sources */, 98DC518E5F4F4A03896266C9 /* BirthdayHelpers.swift in Sources */, D814731A9A8048FCB9DEE2F4 /* CalendarHelpers.swift in Sources */, 2A1C21D9751C485CBC72EE0D /* CalendarStatusHelpers.swift in Sources */, DEB86CD2C95B4F7088E0AFE0 /* CalendarSyncInterval.swift in Sources */, B15B00DEE5D24C4AA4D6197B /* ChoreHelpers.swift in Sources */, 66F62D11CEE94BFD87F8F95A /* DashboardHelpers.swift in Sources */, 93F78294D37042869778F20E /* DateHelpers.swift in Sources */, 9DCC3193D94D4792B07B523D /* HouseholdRoles.swift in Sources */, CE84F3D443AF49B1A2CB16F3 /* ProfileColors.swift in Sources */, 07F6B89E59114FD8A7286846 /* ProfilePhotoHelpers.swift in Sources */, 1725269F15F645F4829E6630 /* RecipeFormHelpers.swift in Sources */, 4BDA9B2E60E441B8BF50E271 /* SnackHelpers.swift in Sources */, 72A3BEDAD39948D6A6AFDECF /* WeekStart.swift in Sources */, 7EE1558BC4BA4595898F175F /* CalendarSettingsViewModel.swift in Sources */, 1DF76297159E4A04BD80AC8E /* CalendarViewModel.swift in Sources */, 6AAAE5D5A0BC4EA89ED9B4C4 /* ChoresViewModel.swift in Sources */, 3C9211BD2BAA408A944E6B76 /* HouseholdMembersViewModel.swift in Sources */, 5274DBFBF9F24173AC6EE18B /* MealsViewModel.swift in Sources */, 9FC14D2FFFAD496FAE0484E1 /* MyProfileViewModel.swift in Sources */, B202EC52E21C456EA87BA340 /* ProfilesViewModel.swift in Sources */, 1463A8635B4A47EAAB45E64C /* RecipesViewModel.swift in Sources */, 5F0073620DED43C0B72D416A /* RoutinesViewModel.swift in Sources */, 6BBA028516EE48B89BBA2911 /* SnacksViewModel.swift in Sources */, 07AC2A4F479C4A6DBBC70EB3 /* SignInView.swift in Sources */, D0322775118340CC85B2C477 /* CalendarEventFormView.swift in Sources */, E47A3E98E0754FC1BE837DEE /* CalendarSettingsView.swift in Sources */, 04F887201C3A491F97104F0D /* CalendarView.swift in Sources */, 04C553E7C2874C26979F60AE /* ChoreFormView.swift in Sources */, F78901C86FF24D08B4A47ED4 /* ChoresView.swift in Sources */, 09624F815CEA41E8B5A5CAEB /* FormFields.swift in Sources */, 1E718A48DBB047A0B30AC47E /* HubComponents.swift in Sources */, BDAD7EC3E3DB48F9959698AE /* ThemeSettingView.swift in Sources */, 517390789E9843B585FC83C9 /* DashboardView.swift in Sources */, 74D0B8599767490781F82127 /* HubView.swift in Sources */, 2E4921B4A69E4A578BFA24B4 /* MealInputView.swift in Sources */, 8D0EDD3F1C4E4A17A01B07E1 /* MealsView.swift in Sources */, 53016A228F5F4C788135386E /* OnboardingView.swift in Sources */, 36026E228CD348EEA18D3032 /* MyProfileView.swift in Sources */, C4A6A1905C1A4800ADE1400D /* ProfileColorPickerView.swift in Sources */, 99F6711B797D4E7AA30C879E /* ProfileFormView.swift in Sources */, 19D3DF1D9D9A43F4AF0C7E62 /* ProfilePhotoUploadView.swift in Sources */, DBCFB71FD58D4011B0B0CAE6 /* RecipeFormView.swift in Sources */, 4F730321AC694D96936FE826 /* RecipesView.swift in Sources */, A5A93A1F641546E8BB41F913 /* RootView.swift in Sources */, 5639D8673C2E48B98C515172 /* RoutineFormView.swift in Sources */, DC927035D6AF4C7698391665 /* RoutinesView.swift in Sources */, D5D6D6A5403C491AB05900A4 /* SettingsView.swift in Sources */, 818196B150C0435C9407BC07 /* SnacksView.swift in Sources */); runOnlyForDeploymentPostprocessing = 0; };
		55539601FB43490C9D28C50B /* Resources */ = {isa = PBXResourcesBuildPhase; buildActionMask = 2147483647; files = (F7EF35675342473BAC6D03D8 /* Assets.xcassets in Resources */); runOnlyForDeploymentPostprocessing = 0; };
		4ABE6408759F4F98B2FFF26D /* HomeHub */ = {isa = PBXNativeTarget; buildConfigurationList = 531A5E8CD2584CEDB298941D; buildPhases = (E400ADF66DB24383B9864D62 /* Sources */, 3759851479EF4ED8A5BD18BA /* Frameworks */, 55539601FB43490C9D28C50B /* Resources */); buildRules = (); dependencies = (); name = HomeHub; productName = HomeHub; productReference = C2003DE415EF49AAAC7DA198; productType = "com.apple.product-type.application"; };
		A7E441591989449B9E98336A /* Project object */ = {isa = PBXProject; attributes = {BuildIndependentTargetsInParallel = 1; LastUpgradeCheck = 1600;}; buildConfigurationList = C2303B9F329F4F899B2B6EA6; compatibilityVersion = "Xcode 14.0"; developmentRegion = en; hasScannedForEncodings = 0; knownRegions = (en, Base); mainGroup = 5BD3A305325C47C8ABA2CE15; productRefGroup = 4FDB6E9CAA694DA782FB0D8C; projectDirPath = ""; projectRoot = ""; targets = (4ABE6408759F4F98B2FFF26D); };
		EA7252BD0C6C442B867870A1 /* Debug */ = {isa = XCBuildConfiguration; buildSettings = {IPHONEOS_DEPLOYMENT_TARGET = 17.0; SWIFT_VERSION = 5.0; TARGETED_DEVICE_FAMILY = 2; }; name = Debug; };
		77457C8E682342DCAA6CDE50 /* Release */ = {isa = XCBuildConfiguration; buildSettings = {IPHONEOS_DEPLOYMENT_TARGET = 17.0; SWIFT_VERSION = 5.0; TARGETED_DEVICE_FAMILY = 2; }; name = Release; };
		ECC6CBFF80674146A527E050 /* Debug */ = {isa = XCBuildConfiguration; buildSettings = {ALWAYS_SEARCH_USER_PATHS = NO; ASSETCATALOG_COMPILER_APPICON_NAME = AppIcon; CODE_SIGN_STYLE = Automatic; CURRENT_PROJECT_VERSION = 1; GENERATE_INFOPLIST_FILE = NO; INFOPLIST_FILE = HomeHub/Info.plist; LD_RUNPATH_SEARCH_PATHS = ("$(inherited)", "@executable_path/Frameworks"); MARKETING_VERSION = 1.0; PRODUCT_BUNDLE_IDENTIFIER = com.homehub.app; PRODUCT_NAME = "$(TARGET_NAME)"; SDKROOT = iphoneos; SUPPORTED_PLATFORMS = "iphoneos iphonesimulator"; SWIFT_EMIT_LOC_STRINGS = YES; SWIFT_ACTIVE_COMPILATION_CONDITIONS = DEBUG; }; name = Debug; };
		D2CAFCBECE5C48F7A30B1E90 /* Release */ = {isa = XCBuildConfiguration; buildSettings = {ALWAYS_SEARCH_USER_PATHS = NO; ASSETCATALOG_COMPILER_APPICON_NAME = AppIcon; CODE_SIGN_STYLE = Automatic; CURRENT_PROJECT_VERSION = 1; GENERATE_INFOPLIST_FILE = NO; INFOPLIST_FILE = HomeHub/Info.plist; LD_RUNPATH_SEARCH_PATHS = ("$(inherited)", "@executable_path/Frameworks"); MARKETING_VERSION = 1.0; PRODUCT_BUNDLE_IDENTIFIER = com.homehub.app; PRODUCT_NAME = "$(TARGET_NAME)"; SDKROOT = iphoneos; SUPPORTED_PLATFORMS = "iphoneos iphonesimulator"; SWIFT_EMIT_LOC_STRINGS = YES; }; name = Release; };
		C2303B9F329F4F899B2B6EA6 = {isa = XCConfigurationList; buildConfigurations = (EA7252BD0C6C442B867870A1 /* Debug */, 77457C8E682342DCAA6CDE50 /* Release */); defaultConfigurationIsVisible = 0; defaultConfigurationName = Release; };
		531A5E8CD2584CEDB298941D = {isa = XCConfigurationList; buildConfigurations = (ECC6CBFF80674146A527E050 /* Debug */, D2CAFCBECE5C48F7A30B1E90 /* Release */); defaultConfigurationIsVisible = 0; defaultConfigurationName = Release; };
	};
	rootObject = A7E441591989449B9E98336A /* Project object */;
}
